// !$*UTF8*$!
{
	archiveVersion = 1;
	classes = {
	};
	objectVersion = 46;
	objects = {

/* Begin PBXBuildFile section */
		044718E819635395002B0EE1 /* Photo.swift in Sources */ = {isa = PBXBuildFile; fileRef = 044718E719635395002B0EE1 /* Photo.swift */; };
		044718EA1963542C002B0EE1 /* PhotosTableViewController.swift in Sources */ = {isa = PBXBuildFile; fileRef = 044718E91963542C002B0EE1 /* PhotosTableViewController.swift */; };
		044718EC19635457002B0EE1 /* DisplayViewController.swift in Sources */ = {isa = PBXBuildFile; fileRef = 044718EB19635457002B0EE1 /* DisplayViewController.swift */; };
		044718EE19635470002B0EE1 /* InfoViewController.swift in Sources */ = {isa = PBXBuildFile; fileRef = 044718ED19635470002B0EE1 /* InfoViewController.swift */; };
		04CE073A1963506E00C9D14C /* AppDelegate.swift in Sources */ = {isa = PBXBuildFile; fileRef = 04CE07391963506E00C9D14C /* AppDelegate.swift */; };
		04CE073F1963506E00C9D14C /* Main.storyboard in Resources */ = {isa = PBXBuildFile; fileRef = 04CE073D1963506E00C9D14C /* Main.storyboard */; };
		04CE07411963506E00C9D14C /* Images.xcassets in Resources */ = {isa = PBXBuildFile; fileRef = 04CE07401963506E00C9D14C /* Images.xcassets */; };
		04CE074D1963506E00C9D14C /* PhotoViewerTests.swift in Sources */ = {isa = PBXBuildFile; fileRef = 04CE074C1963506E00C9D14C /* PhotoViewerTests.swift */; };
/* End PBXBuildFile section */

/* Begin PBXContainerItemProxy section */
		04CE07471963506E00C9D14C /* PBXContainerItemProxy */ = {
			isa = PBXContainerItemProxy;
			containerPortal = 04CE072C1963506E00C9D14C /* Project object */;
			proxyType = 1;
			remoteGlobalIDString = 04CE07331963506E00C9D14C;
			remoteInfo = PhotoViewer;
		};
/* End PBXContainerItemProxy section */

/* Begin PBXFileReference section */
		044718E719635395002B0EE1 /* Photo.swift */ = {isa = PBXFileReference; fileEncoding = 4; lastKnownFileType = sourcecode.swift; path = Photo.swift; sourceTree = "<group>"; };
		044718E91963542C002B0EE1 /* PhotosTableViewController.swift */ = {isa = PBXFileReference; fileEncoding = 4; lastKnownFileType = sourcecode.swift; path = PhotosTableViewController.swift; sourceTree = "<group>"; };
		044718EB19635457002B0EE1 /* DisplayViewController.swift */ = {isa = PBXFileReference; fileEncoding = 4; lastKnownFileType = sourcecode.swift; path = DisplayViewController.swift; sourceTree = "<group>"; };
		044718ED19635470002B0EE1 /* InfoViewController.swift */ = {isa = PBXFileReference; fileEncoding = 4; lastKnownFileType = sourcecode.swift; path = InfoViewController.swift; sourceTree = "<group>"; };
		04CE07341963506E00C9D14C /* PhotoViewer.app */ = {isa = PBXFileReference; explicitFileType = wrapper.application; includeInIndex = 0; path = PhotoViewer.app; sourceTree = BUILT_PRODUCTS_DIR; };
		04CE07381963506E00C9D14C /* Info.plist */ = {isa = PBXFileReference; lastKnownFileType = text.plist.xml; path = Info.plist; sourceTree = "<group>"; };
		04CE07391963506E00C9D14C /* AppDelegate.swift */ = {isa = PBXFileReference; lastKnownFileType = sourcecode.swift; path = AppDelegate.swift; sourceTree = "<group>"; };
		04CE073E1963506E00C9D14C /* Base */ = {isa = PBXFileReference; lastKnownFileType = file.storyboard; name = Base; path = Base.lproj/Main.storyboard; sourceTree = "<group>"; };
		04CE07401963506E00C9D14C /* Images.xcassets */ = {isa = PBXFileReference; lastKnownFileType = folder.assetcatalog; path = Images.xcassets; sourceTree = "<group>"; };
		04CE07461963506E00C9D14C /* PhotoViewerTests.xctest */ = {isa = PBXFileReference; explicitFileType = wrapper.cfbundle; includeInIndex = 0; path = PhotoViewerTests.xctest; sourceTree = BUILT_PRODUCTS_DIR; };
		04CE074B1963506E00C9D14C /* Info.plist */ = {isa = PBXFileReference; lastKnownFileType = text.plist.xml; path = Info.plist; sourceTree = "<group>"; };
		04CE074C1963506E00C9D14C /* PhotoViewerTests.swift */ = {isa = PBXFileReference; lastKnownFileType = sourcecode.swift; path = PhotoViewerTests.swift; sourceTree = "<group>"; };
/* End PBXFileReference section */

/* Begin PBXFrameworksBuildPhase section */
		04CE07311963506E00C9D14C /* Frameworks */ = {
			isa = PBXFrameworksBuildPhase;
			buildActionMask = 2147483647;
			files = (
			);
			runOnlyForDeploymentPostprocessing = 0;
		};
		04CE07431963506E00C9D14C /* Frameworks */ = {
			isa = PBXFrameworksBuildPhase;
			buildActionMask = 2147483647;
			files = (
			);
			runOnlyForDeploymentPostprocessing = 0;
		};
/* End PBXFrameworksBuildPhase section */

/* Begin PBXGroup section */
		04CE072B1963506E00C9D14C = {
			isa = PBXGroup;
			children = (
				04CE07361963506E00C9D14C /* PhotoViewer */,
				04CE07491963506E00C9D14C /* PhotoViewerTests */,
				04CE07351963506E00C9D14C /* Products */,
			);
			sourceTree = "<group>";
		};
		04CE07351963506E00C9D14C /* Products */ = {
			isa = PBXGroup;
			children = (
				04CE07341963506E00C9D14C /* PhotoViewer.app */,
				04CE07461963506E00C9D14C /* PhotoViewerTests.xctest */,
			);
			name = Products;
			sourceTree = "<group>";
		};
		04CE07361963506E00C9D14C /* PhotoViewer */ = {
			isa = PBXGroup;
			children = (
				04CE07391963506E00C9D14C /* AppDelegate.swift */,
				04CE073D1963506E00C9D14C /* Main.storyboard */,
				04CE07401963506E00C9D14C /* Images.xcassets */,
				04CE07371963506E00C9D14C /* Supporting Files */,
				044718E719635395002B0EE1 /* Photo.swift */,
				044718E91963542C002B0EE1 /* PhotosTableViewController.swift */,
				044718EB19635457002B0EE1 /* DisplayViewController.swift */,
				044718ED19635470002B0EE1 /* InfoViewController.swift */,
			);
			path = PhotoViewer;
			sourceTree = "<group>";
		};
		04CE07371963506E00C9D14C /* Supporting Files */ = {
			isa = PBXGroup;
			children = (
				04CE07381963506E00C9D14C /* Info.plist */,
			);
			name = "Supporting Files";
			sourceTree = "<group>";
		};
		04CE07491963506E00C9D14C /* PhotoViewerTests */ = {
			isa = PBXGroup;
			children = (
				04CE074C1963506E00C9D14C /* PhotoViewerTests.swift */,
				04CE074A1963506E00C9D14C /* Supporting Files */,
			);
			path = PhotoViewerTests;
			sourceTree = "<group>";
		};
		04CE074A1963506E00C9D14C /* Supporting Files */ = {
			isa = PBXGroup;
			children = (
				04CE074B1963506E00C9D14C /* Info.plist */,
			);
			name = "Supporting Files";
			sourceTree = "<group>";
		};
/* End PBXGroup section */

/* Begin PBXNativeTarget section */
		04CE07331963506E00C9D14C /* PhotoViewer */ = {
			isa = PBXNativeTarget;
			buildConfigurationList = 04CE07501963506E00C9D14C /* Build configuration list for PBXNativeTarget "PhotoViewer" */;
			buildPhases = (
				04CE07301963506E00C9D14C /* Sources */,
				04CE07311963506E00C9D14C /* Frameworks */,
				04CE07321963506E00C9D14C /* Resources */,
			);
			buildRules = (
			);
			dependencies = (
			);
			name = PhotoViewer;
			productName = PhotoViewer;
			productReference = 04CE07341963506E00C9D14C /* PhotoViewer.app */;
			productType = "com.apple.product-type.application";
		};
		04CE07451963506E00C9D14C /* PhotoViewerTests */ = {
			isa = PBXNativeTarget;
			buildConfigurationList = 04CE07531963506E00C9D14C /* Build configuration list for PBXNativeTarget "PhotoViewerTests" */;
			buildPhases = (
				04CE07421963506E00C9D14C /* Sources */,
				04CE07431963506E00C9D14C /* Frameworks */,
				04CE07441963506E00C9D14C /* Resources */,
			);
			buildRules = (
			);
			dependencies = (
				04CE07481963506E00C9D14C /* PBXTargetDependency */,
			);
			name = PhotoViewerTests;
			productName = PhotoViewerTests;
			productReference = 04CE07461963506E00C9D14C /* PhotoViewerTests.xctest */;
			productType = "com.apple.product-type.bundle.unit-test";
		};
/* End PBXNativeTarget section */

/* Begin PBXProject section */
		04CE072C1963506E00C9D14C /* Project object */ = {
			isa = PBXProject;
			attributes = {
				LastUpgradeCheck = 0600;
				ORGANIZATIONNAME = Johan;
				TargetAttributes = {
					04CE07331963506E00C9D14C = {
						CreatedOnToolsVersion = 6.0;
					};
					04CE07451963506E00C9D14C = {
						CreatedOnToolsVersion = 6.0;
						TestTargetID = 04CE07331963506E00C9D14C;
					};
				};
			};
			buildConfigurationList = 04CE072F1963506E00C9D14C /* Build configuration list for PBXProject "PhotoViewer" */;
			compatibilityVersion = "Xcode 3.2";
			developmentRegion = English;
			hasScannedForEncodings = 0;
			knownRegions = (
				en,
				Base,
			);
			mainGroup = 04CE072B1963506E00C9D14C;
			productRefGroup = 04CE07351963506E00C9D14C /* Products */;
			projectDirPath = "";
			projectRoot = "";
			targets = (
				04CE07331963506E00C9D14C /* PhotoViewer */,
				04CE07451963506E00C9D14C /* PhotoViewerTests */,
			);
		};
/* End PBXProject section */

/* Begin PBXResourcesBuildPhase section */
		04CE07321963506E00C9D14C /* Resources */ = {
			isa = PBXResourcesBuildPhase;
			buildActionMask = 2147483647;
			files = (
				04CE073F1963506E00C9D14C /* Main.storyboard in Resources */,
				04CE07411963506E00C9D14C /* Images.xcassets in Resources */,
			);
			runOnlyForDeploymentPostprocessing = 0;
		};
		04CE07441963506E00C9D14C /* Resources */ = {
			isa = PBXResourcesBuildPhase;
			buildActionMask = 2147483647;
			files = (
			);
			runOnlyForDeploymentPostprocessing = 0;
		};
/* End PBXResourcesBuildPhase section */

/* Begin PBXSourcesBuildPhase section */
		04CE07301963506E00C9D14C /* Sources */ = {
			isa = PBXSourcesBuildPhase;
			buildActionMask = 2147483647;
			files = (
				044718E819635395002B0EE1 /* Photo.swift in Sources */,
				04CE073A1963506E00C9D14C /* AppDelegate.swift in Sources */,
				044718EA1963542C002B0EE1 /* PhotosTableViewController.swift in Sources */,
				044718EC19635457002B0EE1 /* DisplayViewController.swift in Sources */,
				044718EE19635470002B0EE1 /* InfoViewController.swift in Sources */,
			);
			runOnlyForDeploymentPostprocessing = 0;
		};
		04CE07421963506E00C9D14C /* Sources */ = {
			isa = PBXSourcesBuildPhase;
			buildActionMask = 2147483647;
			files = (
				04CE074D1963506E00C9D14C /* PhotoViewerTests.swift in Sources */,
			);
			runOnlyForDeploymentPostprocessing = 0;
		};
/* End PBXSourcesBuildPhase section */

/* Begin PBXTargetDependency section */
		04CE07481963506E00C9D14C /* PBXTargetDependency */ = {
			isa = PBXTargetDependency;
			target = 04CE07331963506E00C9D14C /* PhotoViewer */;
			targetProxy = 04CE07471963506E00C9D14C /* PBXContainerItemProxy */;
		};
/* End PBXTargetDependency section */

/* Begin PBXVariantGroup section */
		04CE073D1963506E00C9D14C /* Main.storyboard */ = {
			isa = PBXVariantGroup;
			children = (
				04CE073E1963506E00C9D14C /* Base */,
			);
			name = Main.storyboard;
			sourceTree = "<group>";
		};
/* End PBXVariantGroup section */

/* Begin XCBuildConfiguration section */
		04CE074E1963506E00C9D14C /* Debug */ = {
			isa = XCBuildConfiguration;
			buildSettings = {
				ALWAYS_SEARCH_USER_PATHS = NO;
				CLANG_CXX_LANGUAGE_STANDARD = "gnu++0x";
				CLANG_CXX_LIBRARY = "libc++";
				CLANG_ENABLE_MODULES = YES;
				CLANG_ENABLE_OBJC_ARC = YES;
				CLANG_WARN_BOOL_CONVERSION = YES;
				CLANG_WARN_CONSTANT_CONVERSION = YES;
				CLANG_WARN_DIRECT_OBJC_ISA_USAGE = YES_ERROR;
				CLANG_WARN_EMPTY_BODY = YES;
				CLANG_WARN_ENUM_CONVERSION = YES;
				CLANG_WARN_INT_CONVERSION = YES;
				CLANG_WARN_OBJC_ROOT_CLASS = YES_ERROR;
				CLANG_WARN_UNREACHABLE_CODE = YES;
				CLANG_WARN__DUPLICATE_METHOD_MATCH = YES;
				"CODE_SIGN_IDENTITY[sdk=iphoneos*]" = "iPhone Developer";
				COPY_PHASE_STRIP = NO;
				ENABLE_STRICT_OBJC_MSGSEND = YES;
				GCC_C_LANGUAGE_STANDARD = gnu99;
				GCC_DYNAMIC_NO_PIC = NO;
				GCC_OPTIMIZATION_LEVEL = 0;
				GCC_PREPROCESSOR_DEFINITIONS = (
					"DEBUG=1",
					"$(inherited)",
				);
				GCC_SYMBOLS_PRIVATE_EXTERN = NO;
				GCC_WARN_64_TO_32_BIT_CONVERSION = YES;
				GCC_WARN_ABOUT_RETURN_TYPE = YES_ERROR;
				GCC_WARN_UNDECLARED_SELECTOR = YES;
				GCC_WARN_UNINITIALIZED_AUTOS = YES_AGGRESSIVE;
				GCC_WARN_UNUSED_FUNCTION = YES;
				GCC_WARN_UNUSED_VARIABLE = YES;
				IPHONEOS_DEPLOYMENT_TARGET = 8.0;
				METAL_ENABLE_DEBUG_INFO = YES;
				ONLY_ACTIVE_ARCH = YES;
				SDKROOT = iphoneos;
				SWIFT_OPTIMIZATION_LEVEL = "-Onone";
			};
			name = Debug;
		};
		04CE074F1963506E00C9D14C /* Release */ = {
			isa = XCBuildConfiguration;
			buildSettings = {
				ALWAYS_SEARCH_USER_PATHS = NO;
				CLANG_CXX_LANGUAGE_STANDARD = "gnu++0x";
				CLANG_CXX_LIBRARY = "libc++";
				CLANG_ENABLE_MODULES = YES;
				CLANG_ENABLE_OBJC_ARC = YES;
				CLANG_WARN_BOOL_CONVERSION = YES;
				CLANG_WARN_CONSTANT_CONVERSION = YES;
				CLANG_WARN_DIRECT_OBJC_ISA_USAGE = YES_ERROR;
				CLANG_WARN_EMPTY_BODY = YES;
				CLANG_WARN_ENUM_CONVERSION = YES;
				CLANG_WARN_INT_CONVERSION = YES;
				CLANG_WARN_OBJC_ROOT_CLASS = YES_ERROR;
				CLANG_WARN_UNREACHABLE_CODE = YES;
				CLANG_WARN__DUPLICATE_METHOD_MATCH = YES;
				"CODE_SIGN_IDENTITY[sdk=iphoneos*]" = "iPhone Developer";
				COPY_PHASE_STRIP = YES;
				ENABLE_NS_ASSERTIONS = NO;
				ENABLE_STRICT_OBJC_MSGSEND = YES;
				GCC_C_LANGUAGE_STANDARD = gnu99;
				GCC_WARN_64_TO_32_BIT_CONVERSION = YES;
				GCC_WARN_ABOUT_RETURN_TYPE = YES_ERROR;
				GCC_WARN_UNDECLARED_SELECTOR = YES;
				GCC_WARN_UNINITIALIZED_AUTOS = YES_AGGRESSIVE;
				GCC_WARN_UNUSED_FUNCTION = YES;
				GCC_WARN_UNUSED_VARIABLE = YES;
				IPHONEOS_DEPLOYMENT_TARGET = 8.0;
				METAL_ENABLE_DEBUG_INFO = NO;
				SDKROOT = iphoneos;
				VALIDATE_PRODUCT = YES;
			};
			name = Release;
		};
		04CE07511963506E00C9D14C /* Debug */ = {
			isa = XCBuildConfiguration;
			buildSettings = {
				ASSETCATALOG_COMPILER_APPICON_NAME = AppIcon;
				ASSETCATALOG_COMPILER_LAUNCHIMAGE_NAME = LaunchImage;
				INFOPLIST_FILE = PhotoViewer/Info.plist;
				LD_RUNPATH_SEARCH_PATHS = "$(inherited) @executable_path/Frameworks";
				PRODUCT_NAME = "$(TARGET_NAME)";
			};
			name = Debug;
		};
		04CE07521963506E00C9D14C /* Release */ = {
			isa = XCBuildConfiguration;
			buildSettings = {
				ASSETCATALOG_COMPILER_APPICON_NAME = AppIcon;
				ASSETCATALOG_COMPILER_LAUNCHIMAGE_NAME = LaunchImage;
				INFOPLIST_FILE = PhotoViewer/Info.plist;
				LD_RUNPATH_SEARCH_PATHS = "$(inherited) @executable_path/Frameworks";
				PRODUCT_NAME = "$(TARGET_NAME)";
			};
			name = Release;
		};
		04CE07541963506E00C9D14C /* Debug */ = {
			isa = XCBuildConfiguration;
			buildSettings = {
				BUNDLE_LOADER = "$(BUILT_PRODUCTS_DIR)/PhotoViewer.app/PhotoViewer";
				FRAMEWORK_SEARCH_PATHS = (
					"$(SDKROOT)/Developer/Library/Frameworks",
					"$(inherited)",
				);
				GCC_PREPROCESSOR_DEFINITIONS = (
					"DEBUG=1",
					"$(inherited)",
				);
				INFOPLIST_FILE = PhotoViewerTests/Info.plist;
				LD_RUNPATH_SEARCH_PATHS = "$(inherited) @executable_path/Frameworks @loader_path/Frameworks";
				METAL_ENABLE_DEBUG_INFO = YES;
				PRODUCT_NAME = "$(TARGET_NAME)";
				TEST_HOST = "$(BUNDLE_LOADER)";
			};
			name = Debug;
		};
		04CE07551963506E00C9D14C /* Release */ = {
			isa = XCBuildConfiguration;
			buildSettings = {
				BUNDLE_LOADER = "$(BUILT_PRODUCTS_DIR)/PhotoViewer.app/PhotoViewer";
				FRAMEWORK_SEARCH_PATHS = (
					"$(SDKROOT)/Developer/Library/Frameworks",
					"$(inherited)",
				);
				INFOPLIST_FILE = PhotoViewerTests/Info.plist;
				LD_RUNPATH_SEARCH_PATHS = "$(inherited) @executable_path/Frameworks @loader_path/Frameworks";
				METAL_ENABLE_DEBUG_INFO = NO;
				PRODUCT_NAME = "$(TARGET_NAME)";
				TEST_HOST = "$(BUNDLE_LOADER)";
			};
			name = Release;
		};
/* End XCBuildConfiguration section */

/* Begin XCConfigurationList section */
		04CE072F1963506E00C9D14C /* Build configuration list for PBXProject "PhotoViewer" */ = {
			isa = XCConfigurationList;
			buildConfigurations = (
				04CE074E1963506E00C9D14C /* Debug */,
				04CE074F1963506E00C9D14C /* Release */,
			);
			defaultConfigurationIsVisible = 0;
			defaultConfigurationName = Release;
		};
		04CE07501963506E00C9D14C /* Build configuration list for PBXNativeTarget "PhotoViewer" */ = {
			isa = XCConfigurationList;
			buildConfigurations = (
				04CE07511963506E00C9D14C /* Debug */,
				04CE07521963506E00C9D14C /* Release */,
			);
			defaultConfigurationIsVisible = 0;
			defaultConfigurationName = Release;
		};
		04CE07531963506E00C9D14C /* Build configuration list for PBXNativeTarget "PhotoViewerTests" */ = {
			isa = XCConfigurationList;
			buildConfigurations = (
				04CE07541963506E00C9D14C /* Debug */,
				04CE07551963506E00C9D14C /* Release */,
			);
			defaultConfigurationIsVisible = 0;
			defaultConfigurationName = Release;
		};
/* End XCConfigurationList section */
	};
	rootObject = 04CE072C1963506E00C9D14C /* Project object */;
}
