// !$*UTF8*$!
{
	archiveVersion = 1;
	classes = {
	};
	objectVersion = 46;
	objects = {

/* Begin PBXBuildFile section */
		04DBFB82195E0FD400E35726 /* AppDelegate.swift in Sources */ = {isa = PBXBuildFile; fileRef = 04DBFB81195E0FD400E35726 /* AppDelegate.swift */; };
		04DBFB84195E0FD400E35726 /* ViewController.swift in Sources */ = {isa = PBXBuildFile; fileRef = 04DBFB83195E0FD400E35726 /* ViewController.swift */; };
		04DBFB87195E0FD400E35726 /* Main.storyboard in Resources */ = {isa = PBXBuildFile; fileRef = 04DBFB85195E0FD400E35726 /* Main.storyboard */; };
		04DBFB89195E0FD400E35726 /* Images.xcassets in Resources */ = {isa = PBXBuildFile; fileRef = 04DBFB88195E0FD400E35726 /* Images.xcassets */; };
		04DBFB95195E0FD400E35726 /* TableDemoTests.swift in Sources */ = {isa = PBXBuildFile; fileRef = 04DBFB94195E0FD400E35726 /* TableDemoTests.swift */; };
		04DBFB9F195E1A8900E35726 /* courses.plist in Resources */ = {isa = PBXBuildFile; fileRef = 04DBFB9E195E1A8900E35726 /* courses.plist */; };
/* End PBXBuildFile section */

/* Begin PBXContainerItemProxy section */
		04DBFB8F195E0FD400E35726 /* PBXContainerItemProxy */ = {
			isa = PBXContainerItemProxy;
			containerPortal = 04DBFB74195E0FD400E35726 /* Project object */;
			proxyType = 1;
			remoteGlobalIDString = 04DBFB7B195E0FD400E35726;
			remoteInfo = TableDemo;
		};
/* End PBXContainerItemProxy section */

/* Begin PBXFileReference section */
		04DBFB7C195E0FD400E35726 /* TableDemo.app */ = {isa = PBXFileReference; explicitFileType = wrapper.application; includeInIndex = 0; path = TableDemo.app; sourceTree = BUILT_PRODUCTS_DIR; };
		04DBFB80195E0FD400E35726 /* Info.plist */ = {isa = PBXFileReference; lastKnownFileType = text.plist.xml; path = Info.plist; sourceTree = "<group>"; };
		04DBFB81195E0FD400E35726 /* AppDelegate.swift */ = {isa = PBXFileReference; lastKnownFileType = sourcecode.swift; path = AppDelegate.swift; sourceTree = "<group>"; };
		04DBFB83195E0FD400E35726 /* ViewController.swift */ = {isa = PBXFileReference; lastKnownFileType = sourcecode.swift; path = ViewController.swift; sourceTree = "<group>"; };
		04DBFB86195E0FD400E35726 /* Base */ = {isa = PBXFileReference; lastKnownFileType = file.storyboard; name = Base; path = Base.lproj/Main.storyboard; sourceTree = "<group>"; };
		04DBFB88195E0FD400E35726 /* Images.xcassets */ = {isa = PBXFileReference; lastKnownFileType = folder.assetcatalog; path = Images.xcassets; sourceTree = "<group>"; };
		04DBFB8E195E0FD400E35726 /* TableDemoTests.xctest */ = {isa = PBXFileReference; explicitFileType = wrapper.cfbundle; includeInIndex = 0; path = TableDemoTests.xctest; sourceTree = BUILT_PRODUCTS_DIR; };
		04DBFB93195E0FD400E35726 /* Info.plist */ = {isa = PBXFileReference; lastKnownFileType = text.plist.xml; path = Info.plist; sourceTree = "<group>"; };
		04DBFB94195E0FD400E35726 /* TableDemoTests.swift */ = {isa = PBXFileReference; lastKnownFileType = sourcecode.swift; path = TableDemoTests.swift; sourceTree = "<group>"; };
		04DBFB9E195E1A8900E35726 /* courses.plist */ = {isa = PBXFileReference; fileEncoding = 4; lastKnownFileType = text.plist.xml; path = courses.plist; sourceTree = "<group>"; };
/* End PBXFileReference section */

/* Begin PBXFrameworksBuildPhase section */
		04DBFB79195E0FD400E35726 /* Frameworks */ = {
			isa = PBXFrameworksBuildPhase;
			buildActionMask = 2147483647;
			files = (
			);
			runOnlyForDeploymentPostprocessing = 0;
		};
		04DBFB8B195E0FD400E35726 /* Frameworks */ = {
			isa = PBXFrameworksBuildPhase;
			buildActionMask = 2147483647;
			files = (
			);
			runOnlyForDeploymentPostprocessing = 0;
		};
/* End PBXFrameworksBuildPhase section */

/* Begin PBXGroup section */
		04DBFB73195E0FD400E35726 = {
			isa = PBXGroup;
			children = (
				04DBFB7E195E0FD400E35726 /* TableDemo */,
				04DBFB91195E0FD400E35726 /* TableDemoTests */,
				04DBFB7D195E0FD400E35726 /* Products */,
			);
			sourceTree = "<group>";
		};
		04DBFB7D195E0FD400E35726 /* Products */ = {
			isa = PBXGroup;
			children = (
				04DBFB7C195E0FD400E35726 /* TableDemo.app */,
				04DBFB8E195E0FD400E35726 /* TableDemoTests.xctest */,
			);
			name = Products;
			sourceTree = "<group>";
		};
		04DBFB7E195E0FD400E35726 /* TableDemo */ = {
			isa = PBXGroup;
			children = (
				04DBFB81195E0FD400E35726 /* AppDelegate.swift */,
				04DBFB83195E0FD400E35726 /* ViewController.swift */,
				04DBFB85195E0FD400E35726 /* Main.storyboard */,
				04DBFB88195E0FD400E35726 /* Images.xcassets */,
				04DBFB7F195E0FD400E35726 /* Supporting Files */,
			);
			path = TableDemo;
			sourceTree = "<group>";
		};
		04DBFB7F195E0FD400E35726 /* Supporting Files */ = {
			isa = PBXGroup;
			children = (
				04DBFB9E195E1A8900E35726 /* courses.plist */,
				04DBFB80195E0FD400E35726 /* Info.plist */,
			);
			name = "Supporting Files";
			sourceTree = "<group>";
		};
		04DBFB91195E0FD400E35726 /* TableDemoTests */ = {
			isa = PBXGroup;
			children = (
				04DBFB94195E0FD400E35726 /* TableDemoTests.swift */,
				04DBFB92195E0FD400E35726 /* Supporting Files */,
			);
			path = TableDemoTests;
			sourceTree = "<group>";
		};
		04DBFB92195E0FD400E35726 /* Supporting Files */ = {
			isa = PBXGroup;
			children = (
				04DBFB93195E0FD400E35726 /* Info.plist */,
			);
			name = "Supporting Files";
			sourceTree = "<group>";
		};
/* End PBXGroup section */

/* Begin PBXNativeTarget section */
		04DBFB7B195E0FD400E35726 /* TableDemo */ = {
			isa = PBXNativeTarget;
			buildConfigurationList = 04DBFB98195E0FD400E35726 /* Build configuration list for PBXNativeTarget "TableDemo" */;
			buildPhases = (
				04DBFB78195E0FD400E35726 /* Sources */,
				04DBFB79195E0FD400E35726 /* Frameworks */,
				04DBFB7A195E0FD400E35726 /* Resources */,
			);
			buildRules = (
			);
			dependencies = (
			);
			name = TableDemo;
			productName = TableDemo;
			productReference = 04DBFB7C195E0FD400E35726 /* TableDemo.app */;
			productType = "com.apple.product-type.application";
		};
		04DBFB8D195E0FD400E35726 /* TableDemoTests */ = {
			isa = PBXNativeTarget;
			buildConfigurationList = 04DBFB9B195E0FD400E35726 /* Build configuration list for PBXNativeTarget "TableDemoTests" */;
			buildPhases = (
				04DBFB8A195E0FD400E35726 /* Sources */,
				04DBFB8B195E0FD400E35726 /* Frameworks */,
				04DBFB8C195E0FD400E35726 /* Resources */,
			);
			buildRules = (
			);
			dependencies = (
				04DBFB90195E0FD400E35726 /* PBXTargetDependency */,
			);
			name = TableDemoTests;
			productName = TableDemoTests;
			productReference = 04DBFB8E195E0FD400E35726 /* TableDemoTests.xctest */;
			productType = "com.apple.product-type.bundle.unit-test";
		};
/* End PBXNativeTarget section */

/* Begin PBXProject section */
		04DBFB74195E0FD400E35726 /* Project object */ = {
			isa = PBXProject;
			attributes = {
				LastUpgradeCheck = 0600;
				ORGANIZATIONNAME = Johan;
				TargetAttributes = {
					04DBFB7B195E0FD400E35726 = {
						CreatedOnToolsVersion = 6.0;
					};
					04DBFB8D195E0FD400E35726 = {
						CreatedOnToolsVersion = 6.0;
						TestTargetID = 04DBFB7B195E0FD400E35726;
					};
				};
			};
			buildConfigurationList = 04DBFB77195E0FD400E35726 /* Build configuration list for PBXProject "TableDemo" */;
			compatibilityVersion = "Xcode 3.2";
			developmentRegion = English;
			hasScannedForEncodings = 0;
			knownRegions = (
				en,
				Base,
			);
			mainGroup = 04DBFB73195E0FD400E35726;
			productRefGroup = 04DBFB7D195E0FD400E35726 /* Products */;
			projectDirPath = "";
			projectRoot = "";
			targets = (
				04DBFB7B195E0FD400E35726 /* TableDemo */,
				04DBFB8D195E0FD400E35726 /* TableDemoTests */,
			);
		};
/* End PBXProject section */

/* Begin PBXResourcesBuildPhase section */
		04DBFB7A195E0FD400E35726 /* Resources */ = {
			isa = PBXResourcesBuildPhase;
			buildActionMask = 2147483647;
			files = (
				04DBFB87195E0FD400E35726 /* Main.storyboard in Resources */,
				04DBFB9F195E1A8900E35726 /* courses.plist in Resources */,
				04DBFB89195E0FD400E35726 /* Images.xcassets in Resources */,
			);
			runOnlyForDeploymentPostprocessing = 0;
		};
		04DBFB8C195E0FD400E35726 /* Resources */ = {
			isa = PBXResourcesBuildPhase;
			buildActionMask = 2147483647;
			files = (
			);
			runOnlyForDeploymentPostprocessing = 0;
		};
/* End PBXResourcesBuildPhase section */

/* Begin PBXSourcesBuildPhase section */
		04DBFB78195E0FD400E35726 /* Sources */ = {
			isa = PBXSourcesBuildPhase;
			buildActionMask = 2147483647;
			files = (
				04DBFB84195E0FD400E35726 /* ViewController.swift in Sources */,
				04DBFB82195E0FD400E35726 /* AppDelegate.swift in Sources */,
			);
			runOnlyForDeploymentPostprocessing = 0;
		};
		04DBFB8A195E0FD400E35726 /* Sources */ = {
			isa = PBXSourcesBuildPhase;
			buildActionMask = 2147483647;
			files = (
				04DBFB95195E0FD400E35726 /* TableDemoTests.swift in Sources */,
			);
			runOnlyForDeploymentPostprocessing = 0;
		};
/* End PBXSourcesBuildPhase section */

/* Begin PBXTargetDependency section */
		04DBFB90195E0FD400E35726 /* PBXTargetDependency */ = {
			isa = PBXTargetDependency;
			target = 04DBFB7B195E0FD400E35726 /* TableDemo */;
			targetProxy = 04DBFB8F195E0FD400E35726 /* PBXContainerItemProxy */;
		};
/* End PBXTargetDependency section */

/* Begin PBXVariantGroup section */
		04DBFB85195E0FD400E35726 /* Main.storyboard */ = {
			isa = PBXVariantGroup;
			children = (
				04DBFB86195E0FD400E35726 /* Base */,
			);
			name = Main.storyboard;
			sourceTree = "<group>";
		};
/* End PBXVariantGroup section */

/* Begin XCBuildConfiguration section */
		04DBFB96195E0FD400E35726 /* Debug */ = {
			isa = XCBuildConfiguration;
			buildSettings = {
				ALWAYS_SEARCH_USER_PATHS = NO;
				CLANG_CXX_LANGUAGE_STANDARD = "gnu++0x";
				CLANG_CXX_LIBRARY = "libc++";
				CLANG_ENABLE_MODULES = YES;
				CLANG_ENABLE_OBJC_ARC = YES;
				CLANG_WARN_BOOL_CONVERSION = YES;
				CLANG_WARN_CONSTANT_CONVERSION = YES;
				CLANG_WARN_DIRECT_OBJC_ISA_USAGE = YES_ERROR;
				CLANG_WARN_EMPTY_BODY = YES;
				CLANG_WARN_ENUM_CONVERSION = YES;
				CLANG_WARN_INT_CONVERSION = YES;
				CLANG_WARN_OBJC_ROOT_CLASS = YES_ERROR;
				CLANG_WARN_UNREACHABLE_CODE = YES;
				CLANG_WARN__DUPLICATE_METHOD_MATCH = YES;
				"CODE_SIGN_IDENTITY[sdk=iphoneos*]" = "iPhone Developer";
				COPY_PHASE_STRIP = NO;
				ENABLE_STRICT_OBJC_MSGSEND = YES;
				GCC_C_LANGUAGE_STANDARD = gnu99;
				GCC_DYNAMIC_NO_PIC = NO;
				GCC_OPTIMIZATION_LEVEL = 0;
				GCC_PREPROCESSOR_DEFINITIONS = (
					"DEBUG=1",
					"$(inherited)",
				);
				GCC_SYMBOLS_PRIVATE_EXTERN = NO;
				GCC_WARN_64_TO_32_BIT_CONVERSION = YES;
				GCC_WARN_ABOUT_RETURN_TYPE = YES_ERROR;
				GCC_WARN_UNDECLARED_SELECTOR = YES;
				GCC_WARN_UNINITIALIZED_AUTOS = YES_AGGRESSIVE;
				GCC_WARN_UNUSED_FUNCTION = YES;
				GCC_WARN_UNUSED_VARIABLE = YES;
				IPHONEOS_DEPLOYMENT_TARGET = 8.0;
				METAL_ENABLE_DEBUG_INFO = YES;
				ONLY_ACTIVE_ARCH = YES;
				SDKROOT = iphoneos;
				SWIFT_OPTIMIZATION_LEVEL = "-Onone";
			};
			name = Debug;
		};
		04DBFB97195E0FD400E35726 /* Release */ = {
			isa = XCBuildConfiguration;
			buildSettings = {
				ALWAYS_SEARCH_USER_PATHS = NO;
				CLANG_CXX_LANGUAGE_STANDARD = "gnu++0x";
				CLANG_CXX_LIBRARY = "libc++";
				CLANG_ENABLE_MODULES = YES;
				CLANG_ENABLE_OBJC_ARC = YES;
				CLANG_WARN_BOOL_CONVERSION = YES;
				CLANG_WARN_CONSTANT_CONVERSION = YES;
				CLANG_WARN_DIRECT_OBJC_ISA_USAGE = YES_ERROR;
				CLANG_WARN_EMPTY_BODY = YES;
				CLANG_WARN_ENUM_CONVERSION = YES;
				CLANG_WARN_INT_CONVERSION = YES;
				CLANG_WARN_OBJC_ROOT_CLASS = YES_ERROR;
				CLANG_WARN_UNREACHABLE_CODE = YES;
				CLANG_WARN__DUPLICATE_METHOD_MATCH = YES;
				"CODE_SIGN_IDENTITY[sdk=iphoneos*]" = "iPhone Developer";
				COPY_PHASE_STRIP = YES;
				ENABLE_NS_ASSERTIONS = NO;
				ENABLE_STRICT_OBJC_MSGSEND = YES;
				GCC_C_LANGUAGE_STANDARD = gnu99;
				GCC_WARN_64_TO_32_BIT_CONVERSION = YES;
				GCC_WARN_ABOUT_RETURN_TYPE = YES_ERROR;
				GCC_WARN_UNDECLARED_SELECTOR = YES;
				GCC_WARN_UNINITIALIZED_AUTOS = YES_AGGRESSIVE;
				GCC_WARN_UNUSED_FUNCTION = YES;
				GCC_WARN_UNUSED_VARIABLE = YES;
				IPHONEOS_DEPLOYMENT_TARGET = 8.0;
				METAL_ENABLE_DEBUG_INFO = NO;
				SDKROOT = iphoneos;
				VALIDATE_PRODUCT = YES;
			};
			name = Release;
		};
		04DBFB99195E0FD400E35726 /* Debug */ = {
			isa = XCBuildConfiguration;
			buildSettings = {
				ASSETCATALOG_COMPILER_APPICON_NAME = AppIcon;
				ASSETCATALOG_COMPILER_LAUNCHIMAGE_NAME = LaunchImage;
				INFOPLIST_FILE = TableDemo/Info.plist;
				LD_RUNPATH_SEARCH_PATHS = "$(inherited) @executable_path/Frameworks";
				PRODUCT_NAME = "$(TARGET_NAME)";
			};
			name = Debug;
		};
		04DBFB9A195E0FD400E35726 /* Release */ = {
			isa = XCBuildConfiguration;
			buildSettings = {
				ASSETCATALOG_COMPILER_APPICON_NAME = AppIcon;
				ASSETCATALOG_COMPILER_LAUNCHIMAGE_NAME = LaunchImage;
				INFOPLIST_FILE = TableDemo/Info.plist;
				LD_RUNPATH_SEARCH_PATHS = "$(inherited) @executable_path/Frameworks";
				PRODUCT_NAME = "$(TARGET_NAME)";
			};
			name = Release;
		};
		04DBFB9C195E0FD400E35726 /* Debug */ = {
			isa = XCBuildConfiguration;
			buildSettings = {
				BUNDLE_LOADER = "$(BUILT_PRODUCTS_DIR)/TableDemo.app/TableDemo";
				FRAMEWORK_SEARCH_PATHS = (
					"$(SDKROOT)/Developer/Library/Frameworks",
					"$(inherited)",
				);
				GCC_PREPROCESSOR_DEFINITIONS = (
					"DEBUG=1",
					"$(inherited)",
				);
				INFOPLIST_FILE = TableDemoTests/Info.plist;
				LD_RUNPATH_SEARCH_PATHS = "$(inherited) @executable_path/Frameworks @loader_path/Frameworks";
				METAL_ENABLE_DEBUG_INFO = YES;
				PRODUCT_NAME = "$(TARGET_NAME)";
				TEST_HOST = "$(BUNDLE_LOADER)";
			};
			name = Debug;
		};
		04DBFB9D195E0FD400E35726 /* Release */ = {
			isa = XCBuildConfiguration;
			buildSettings = {
				BUNDLE_LOADER = "$(BUILT_PRODUCTS_DIR)/TableDemo.app/TableDemo";
				FRAMEWORK_SEARCH_PATHS = (
					"$(SDKROOT)/Developer/Library/Frameworks",
					"$(inherited)",
				);
				INFOPLIST_FILE = TableDemoTests/Info.plist;
				LD_RUNPATH_SEARCH_PATHS = "$(inherited) @executable_path/Frameworks @loader_path/Frameworks";
				METAL_ENABLE_DEBUG_INFO = NO;
				PRODUCT_NAME = "$(TARGET_NAME)";
				TEST_HOST = "$(BUNDLE_LOADER)";
			};
			name = Release;
		};
/* End XCBuildConfiguration section */

/* Begin XCConfigurationList section */
		04DBFB77195E0FD400E35726 /* Build configuration list for PBXProject "TableDemo" */ = {
			isa = XCConfigurationList;
			buildConfigurations = (
				04DBFB96195E0FD400E35726 /* Debug */,
				04DBFB97195E0FD400E35726 /* Release */,
			);
			defaultConfigurationIsVisible = 0;
			defaultConfigurationName = Release;
		};
		04DBFB98195E0FD400E35726 /* Build configuration list for PBXNativeTarget "TableDemo" */ = {
			isa = XCConfigurationList;
			buildConfigurations = (
				04DBFB99195E0FD400E35726 /* Debug */,
				04DBFB9A195E0FD400E35726 /* Release */,
			);
			defaultConfigurationIsVisible = 0;
		};
		04DBFB9B195E0FD400E35726 /* Build configuration list for PBXNativeTarget "TableDemoTests" */ = {
			isa = XCConfigurationList;
			buildConfigurations = (
				04DBFB9C195E0FD400E35726 /* Debug */,
				04DBFB9D195E0FD400E35726 /* Release */,
			);
			defaultConfigurationIsVisible = 0;
		};
/* End XCConfigurationList section */
	};
	rootObject = 04DBFB74195E0FD400E35726 /* Project object */;
}
