// !$*UTF8*$!
{
	archiveVersion = 1;
	classes = {
	};
	objectVersion = 46;
	objects = {

/* Begin PBXBuildFile section */
		04DC91061961E0810058A47F /* AppDelegate.swift in Sources */ = {isa = PBXBuildFile; fileRef = 04DC91051961E0810058A47F /* AppDelegate.swift */; };
		04DC91091961E0810058A47F /* CoreDataDemo.xcdatamodeld in Sources */ = {isa = PBXBuildFile; fileRef = 04DC91071961E0810058A47F /* CoreDataDemo.xcdatamodeld */; };
		04DC910B1961E0810058A47F /* Images.xcassets in Resources */ = {isa = PBXBuildFile; fileRef = 04DC910A1961E0810058A47F /* Images.xcassets */; };
		04DC91171961E0810058A47F /* CoreDataDemoTests.swift in Sources */ = {isa = PBXBuildFile; fileRef = 04DC91161961E0810058A47F /* CoreDataDemoTests.swift */; };
		04DC91211961E0BD0058A47F /* Storyboard.storyboard in Resources */ = {isa = PBXBuildFile; fileRef = 04DC91201961E0BD0058A47F /* Storyboard.storyboard */; };
		04DC91231961E2330058A47F /* ViewController.swift in Sources */ = {isa = PBXBuildFile; fileRef = 04DC91221961E2330058A47F /* ViewController.swift */; };
/* End PBXBuildFile section */

/* Begin PBXContainerItemProxy section */
		04DC91111961E0810058A47F /* PBXContainerItemProxy */ = {
			isa = PBXContainerItemProxy;
			containerPortal = 04DC90F81961E0810058A47F /* Project object */;
			proxyType = 1;
			remoteGlobalIDString = 04DC90FF1961E0810058A47F;
			remoteInfo = CoreDataDemo;
		};
/* End PBXContainerItemProxy section */

/* Begin PBXFileReference section */
		04DC91001961E0810058A47F /* CoreDataDemo.app */ = {isa = PBXFileReference; explicitFileType = wrapper.application; includeInIndex = 0; path = CoreDataDemo.app; sourceTree = BUILT_PRODUCTS_DIR; };
		04DC91041961E0810058A47F /* Info.plist */ = {isa = PBXFileReference; lastKnownFileType = text.plist.xml; path = Info.plist; sourceTree = "<group>"; };
		04DC91051961E0810058A47F /* AppDelegate.swift */ = {isa = PBXFileReference; lastKnownFileType = sourcecode.swift; path = AppDelegate.swift; sourceTree = "<group>"; };
		04DC91081961E0810058A47F /* CoreDataDemo.xcdatamodel */ = {isa = PBXFileReference; lastKnownFileType = wrapper.xcdatamodel; path = CoreDataDemo.xcdatamodel; sourceTree = "<group>"; };
		04DC910A1961E0810058A47F /* Images.xcassets */ = {isa = PBXFileReference; lastKnownFileType = folder.assetcatalog; path = Images.xcassets; sourceTree = "<group>"; };
		04DC91101961E0810058A47F /* CoreDataDemoTests.xctest */ = {isa = PBXFileReference; explicitFileType = wrapper.cfbundle; includeInIndex = 0; path = CoreDataDemoTests.xctest; sourceTree = BUILT_PRODUCTS_DIR; };
		04DC91151961E0810058A47F /* Info.plist */ = {isa = PBXFileReference; lastKnownFileType = text.plist.xml; path = Info.plist; sourceTree = "<group>"; };
		04DC91161961E0810058A47F /* CoreDataDemoTests.swift */ = {isa = PBXFileReference; lastKnownFileType = sourcecode.swift; path = CoreDataDemoTests.swift; sourceTree = "<group>"; };
		04DC91201961E0BD0058A47F /* Storyboard.storyboard */ = {isa = PBXFileReference; fileEncoding = 4; lastKnownFileType = file.storyboard; path = Storyboard.storyboard; sourceTree = "<group>"; };
		04DC91221961E2330058A47F /* ViewController.swift */ = {isa = PBXFileReference; fileEncoding = 4; lastKnownFileType = sourcecode.swift; path = ViewController.swift; sourceTree = "<group>"; };
/* End PBXFileReference section */

/* Begin PBXFrameworksBuildPhase section */
		04DC90FD1961E0810058A47F /* Frameworks */ = {
			isa = PBXFrameworksBuildPhase;
			buildActionMask = 2147483647;
			files = (
			);
			runOnlyForDeploymentPostprocessing = 0;
		};
		04DC910D1961E0810058A47F /* Frameworks */ = {
			isa = PBXFrameworksBuildPhase;
			buildActionMask = 2147483647;
			files = (
			);
			runOnlyForDeploymentPostprocessing = 0;
		};
/* End PBXFrameworksBuildPhase section */

/* Begin PBXGroup section */
		04DC90F71961E0810058A47F = {
			isa = PBXGroup;
			children = (
				04DC91021961E0810058A47F /* CoreDataDemo */,
				04DC91131961E0810058A47F /* CoreDataDemoTests */,
				04DC91011961E0810058A47F /* Products */,
			);
			sourceTree = "<group>";
		};
		04DC91011961E0810058A47F /* Products */ = {
			isa = PBXGroup;
			children = (
				04DC91001961E0810058A47F /* CoreDataDemo.app */,
				04DC91101961E0810058A47F /* CoreDataDemoTests.xctest */,
			);
			name = Products;
			sourceTree = "<group>";
		};
		04DC91021961E0810058A47F /* CoreDataDemo */ = {
			isa = PBXGroup;
			children = (
				04DC91051961E0810058A47F /* AppDelegate.swift */,
				04DC91201961E0BD0058A47F /* Storyboard.storyboard */,
				04DC910A1961E0810058A47F /* Images.xcassets */,
				04DC91071961E0810058A47F /* CoreDataDemo.xcdatamodeld */,
				04DC91221961E2330058A47F /* ViewController.swift */,
				04DC91031961E0810058A47F /* Supporting Files */,
			);
			path = CoreDataDemo;
			sourceTree = "<group>";
		};
		04DC91031961E0810058A47F /* Supporting Files */ = {
			isa = PBXGroup;
			children = (
				04DC91041961E0810058A47F /* Info.plist */,
			);
			name = "Supporting Files";
			sourceTree = "<group>";
		};
		04DC91131961E0810058A47F /* CoreDataDemoTests */ = {
			isa = PBXGroup;
			children = (
				04DC91161961E0810058A47F /* CoreDataDemoTests.swift */,
				04DC91141961E0810058A47F /* Supporting Files */,
			);
			path = CoreDataDemoTests;
			sourceTree = "<group>";
		};
		04DC91141961E0810058A47F /* Supporting Files */ = {
			isa = PBXGroup;
			children = (
				04DC91151961E0810058A47F /* Info.plist */,
			);
			name = "Supporting Files";
			sourceTree = "<group>";
		};
/* End PBXGroup section */

/* Begin PBXNativeTarget section */
		04DC90FF1961E0810058A47F /* CoreDataDemo */ = {
			isa = PBXNativeTarget;
			buildConfigurationList = 04DC911A1961E0810058A47F /* Build configuration list for PBXNativeTarget "CoreDataDemo" */;
			buildPhases = (
				04DC90FC1961E0810058A47F /* Sources */,
				04DC90FD1961E0810058A47F /* Frameworks */,
				04DC90FE1961E0810058A47F /* Resources */,
			);
			buildRules = (
			);
			dependencies = (
			);
			name = CoreDataDemo;
			productName = CoreDataDemo;
			productReference = 04DC91001961E0810058A47F /* CoreDataDemo.app */;
			productType = "com.apple.product-type.application";
		};
		04DC910F1961E0810058A47F /* CoreDataDemoTests */ = {
			isa = PBXNativeTarget;
			buildConfigurationList = 04DC911D1961E0810058A47F /* Build configuration list for PBXNativeTarget "CoreDataDemoTests" */;
			buildPhases = (
				04DC910C1961E0810058A47F /* Sources */,
				04DC910D1961E0810058A47F /* Frameworks */,
				04DC910E1961E0810058A47F /* Resources */,
			);
			buildRules = (
			);
			dependencies = (
				04DC91121961E0810058A47F /* PBXTargetDependency */,
			);
			name = CoreDataDemoTests;
			productName = CoreDataDemoTests;
			productReference = 04DC91101961E0810058A47F /* CoreDataDemoTests.xctest */;
			productType = "com.apple.product-type.bundle.unit-test";
		};
/* End PBXNativeTarget section */

/* Begin PBXProject section */
		04DC90F81961E0810058A47F /* Project object */ = {
			isa = PBXProject;
			attributes = {
				LastUpgradeCheck = 0600;
				ORGANIZATIONNAME = Johan;
				TargetAttributes = {
					04DC90FF1961E0810058A47F = {
						CreatedOnToolsVersion = 6.0;
					};
					04DC910F1961E0810058A47F = {
						CreatedOnToolsVersion = 6.0;
						TestTargetID = 04DC90FF1961E0810058A47F;
					};
				};
			};
			buildConfigurationList = 04DC90FB1961E0810058A47F /* Build configuration list for PBXProject "CoreDataDemo" */;
			compatibilityVersion = "Xcode 3.2";
			developmentRegion = English;
			hasScannedForEncodings = 0;
			knownRegions = (
				en,
			);
			mainGroup = 04DC90F71961E0810058A47F;
			productRefGroup = 04DC91011961E0810058A47F /* Products */;
			projectDirPath = "";
			projectRoot = "";
			targets = (
				04DC90FF1961E0810058A47F /* CoreDataDemo */,
				04DC910F1961E0810058A47F /* CoreDataDemoTests */,
			);
		};
/* End PBXProject section */

/* Begin PBXResourcesBuildPhase section */
		04DC90FE1961E0810058A47F /* Resources */ = {
			isa = PBXResourcesBuildPhase;
			buildActionMask = 2147483647;
			files = (
				04DC910B1961E0810058A47F /* Images.xcassets in Resources */,
				04DC91211961E0BD0058A47F /* Storyboard.storyboard in Resources */,
			);
			runOnlyForDeploymentPostprocessing = 0;
		};
		04DC910E1961E0810058A47F /* Resources */ = {
			isa = PBXResourcesBuildPhase;
			buildActionMask = 2147483647;
			files = (
			);
			runOnlyForDeploymentPostprocessing = 0;
		};
/* End PBXResourcesBuildPhase section */

/* Begin PBXSourcesBuildPhase section */
		04DC90FC1961E0810058A47F /* Sources */ = {
			isa = PBXSourcesBuildPhase;
			buildActionMask = 2147483647;
			files = (
				04DC91231961E2330058A47F /* ViewController.swift in Sources */,
				04DC91061961E0810058A47F /* AppDelegate.swift in Sources */,
				04DC91091961E0810058A47F /* CoreDataDemo.xcdatamodeld in Sources */,
			);
			runOnlyForDeploymentPostprocessing = 0;
		};
		04DC910C1961E0810058A47F /* Sources */ = {
			isa = PBXSourcesBuildPhase;
			buildActionMask = 2147483647;
			files = (
				04DC91171961E0810058A47F /* CoreDataDemoTests.swift in Sources */,
			);
			runOnlyForDeploymentPostprocessing = 0;
		};
/* End PBXSourcesBuildPhase section */

/* Begin PBXTargetDependency section */
		04DC91121961E0810058A47F /* PBXTargetDependency */ = {
			isa = PBXTargetDependency;
			target = 04DC90FF1961E0810058A47F /* CoreDataDemo */;
			targetProxy = 04DC91111961E0810058A47F /* PBXContainerItemProxy */;
		};
/* End PBXTargetDependency section */

/* Begin XCBuildConfiguration section */
		04DC91181961E0810058A47F /* Debug */ = {
			isa = XCBuildConfiguration;
			buildSettings = {
				ALWAYS_SEARCH_USER_PATHS = NO;
				CLANG_CXX_LANGUAGE_STANDARD = "gnu++0x";
				CLANG_CXX_LIBRARY = "libc++";
				CLANG_ENABLE_MODULES = YES;
				CLANG_ENABLE_OBJC_ARC = YES;
				CLANG_WARN_BOOL_CONVERSION = YES;
				CLANG_WARN_CONSTANT_CONVERSION = YES;
				CLANG_WARN_DIRECT_OBJC_ISA_USAGE = YES_ERROR;
				CLANG_WARN_EMPTY_BODY = YES;
				CLANG_WARN_ENUM_CONVERSION = YES;
				CLANG_WARN_INT_CONVERSION = YES;
				CLANG_WARN_OBJC_ROOT_CLASS = YES_ERROR;
				CLANG_WARN_UNREACHABLE_CODE = YES;
				CLANG_WARN__DUPLICATE_METHOD_MATCH = YES;
				"CODE_SIGN_IDENTITY[sdk=iphoneos*]" = "iPhone Developer";
				COPY_PHASE_STRIP = NO;
				ENABLE_STRICT_OBJC_MSGSEND = YES;
				GCC_C_LANGUAGE_STANDARD = gnu99;
				GCC_DYNAMIC_NO_PIC = NO;
				GCC_OPTIMIZATION_LEVEL = 0;
				GCC_PREPROCESSOR_DEFINITIONS = (
					"DEBUG=1",
					"$(inherited)",
				);
				GCC_SYMBOLS_PRIVATE_EXTERN = NO;
				GCC_WARN_64_TO_32_BIT_CONVERSION = YES;
				GCC_WARN_ABOUT_RETURN_TYPE = YES_ERROR;
				GCC_WARN_UNDECLARED_SELECTOR = YES;
				GCC_WARN_UNINITIALIZED_AUTOS = YES_AGGRESSIVE;
				GCC_WARN_UNUSED_FUNCTION = YES;
				GCC_WARN_UNUSED_VARIABLE = YES;
				IPHONEOS_DEPLOYMENT_TARGET = 8.0;
				METAL_ENABLE_DEBUG_INFO = YES;
				ONLY_ACTIVE_ARCH = YES;
				SDKROOT = iphoneos;
				SWIFT_OPTIMIZATION_LEVEL = "-Onone";
			};
			name = Debug;
		};
		04DC91191961E0810058A47F /* Release */ = {
			isa = XCBuildConfiguration;
			buildSettings = {
				ALWAYS_SEARCH_USER_PATHS = NO;
				CLANG_CXX_LANGUAGE_STANDARD = "gnu++0x";
				CLANG_CXX_LIBRARY = "libc++";
				CLANG_ENABLE_MODULES = YES;
				CLANG_ENABLE_OBJC_ARC = YES;
				CLANG_WARN_BOOL_CONVERSION = YES;
				CLANG_WARN_CONSTANT_CONVERSION = YES;
				CLANG_WARN_DIRECT_OBJC_ISA_USAGE = YES_ERROR;
				CLANG_WARN_EMPTY_BODY = YES;
				CLANG_WARN_ENUM_CONVERSION = YES;
				CLANG_WARN_INT_CONVERSION = YES;
				CLANG_WARN_OBJC_ROOT_CLASS = YES_ERROR;
				CLANG_WARN_UNREACHABLE_CODE = YES;
				CLANG_WARN__DUPLICATE_METHOD_MATCH = YES;
				"CODE_SIGN_IDENTITY[sdk=iphoneos*]" = "iPhone Developer";
				COPY_PHASE_STRIP = YES;
				ENABLE_NS_ASSERTIONS = NO;
				ENABLE_STRICT_OBJC_MSGSEND = YES;
				GCC_C_LANGUAGE_STANDARD = gnu99;
				GCC_WARN_64_TO_32_BIT_CONVERSION = YES;
				GCC_WARN_ABOUT_RETURN_TYPE = YES_ERROR;
				GCC_WARN_UNDECLARED_SELECTOR = YES;
				GCC_WARN_UNINITIALIZED_AUTOS = YES_AGGRESSIVE;
				GCC_WARN_UNUSED_FUNCTION = YES;
				GCC_WARN_UNUSED_VARIABLE = YES;
				IPHONEOS_DEPLOYMENT_TARGET = 8.0;
				METAL_ENABLE_DEBUG_INFO = NO;
				SDKROOT = iphoneos;
				VALIDATE_PRODUCT = YES;
			};
			name = Release;
		};
		04DC911B1961E0810058A47F /* Debug */ = {
			isa = XCBuildConfiguration;
			buildSettings = {
				ASSETCATALOG_COMPILER_APPICON_NAME = AppIcon;
				ASSETCATALOG_COMPILER_LAUNCHIMAGE_NAME = LaunchImage;
				INFOPLIST_FILE = CoreDataDemo/Info.plist;
				LD_RUNPATH_SEARCH_PATHS = "$(inherited) @executable_path/Frameworks";
				PRODUCT_NAME = "$(TARGET_NAME)";
			};
			name = Debug;
		};
		04DC911C1961E0810058A47F /* Release */ = {
			isa = XCBuildConfiguration;
			buildSettings = {
				ASSETCATALOG_COMPILER_APPICON_NAME = AppIcon;
				ASSETCATALOG_COMPILER_LAUNCHIMAGE_NAME = LaunchImage;
				INFOPLIST_FILE = CoreDataDemo/Info.plist;
				LD_RUNPATH_SEARCH_PATHS = "$(inherited) @executable_path/Frameworks";
				PRODUCT_NAME = "$(TARGET_NAME)";
			};
			name = Release;
		};
		04DC911E1961E0810058A47F /* Debug */ = {
			isa = XCBuildConfiguration;
			buildSettings = {
				BUNDLE_LOADER = "$(BUILT_PRODUCTS_DIR)/CoreDataDemo.app/CoreDataDemo";
				FRAMEWORK_SEARCH_PATHS = (
					"$(SDKROOT)/Developer/Library/Frameworks",
					"$(inherited)",
				);
				GCC_PREPROCESSOR_DEFINITIONS = (
					"DEBUG=1",
					"$(inherited)",
				);
				INFOPLIST_FILE = CoreDataDemoTests/Info.plist;
				LD_RUNPATH_SEARCH_PATHS = "$(inherited) @executable_path/Frameworks @loader_path/Frameworks";
				METAL_ENABLE_DEBUG_INFO = YES;
				PRODUCT_NAME = "$(TARGET_NAME)";
				TEST_HOST = "$(BUNDLE_LOADER)";
			};
			name = Debug;
		};
		04DC911F1961E0810058A47F /* Release */ = {
			isa = XCBuildConfiguration;
			buildSettings = {
				BUNDLE_LOADER = "$(BUILT_PRODUCTS_DIR)/CoreDataDemo.app/CoreDataDemo";
				FRAMEWORK_SEARCH_PATHS = (
					"$(SDKROOT)/Developer/Library/Frameworks",
					"$(inherited)",
				);
				INFOPLIST_FILE = CoreDataDemoTests/Info.plist;
				LD_RUNPATH_SEARCH_PATHS = "$(inherited) @executable_path/Frameworks @loader_path/Frameworks";
				METAL_ENABLE_DEBUG_INFO = NO;
				PRODUCT_NAME = "$(TARGET_NAME)";
				TEST_HOST = "$(BUNDLE_LOADER)";
			};
			name = Release;
		};
/* End XCBuildConfiguration section */

/* Begin XCConfigurationList section */
		04DC90FB1961E0810058A47F /* Build configuration list for PBXProject "CoreDataDemo" */ = {
			isa = XCConfigurationList;
			buildConfigurations = (
				04DC91181961E0810058A47F /* Debug */,
				04DC91191961E0810058A47F /* Release */,
			);
			defaultConfigurationIsVisible = 0;
			defaultConfigurationName = Release;
		};
		04DC911A1961E0810058A47F /* Build configuration list for PBXNativeTarget "CoreDataDemo" */ = {
			isa = XCConfigurationList;
			buildConfigurations = (
				04DC911B1961E0810058A47F /* Debug */,
				04DC911C1961E0810058A47F /* Release */,
			);
			defaultConfigurationIsVisible = 0;
		};
		04DC911D1961E0810058A47F /* Build configuration list for PBXNativeTarget "CoreDataDemoTests" */ = {
			isa = XCConfigurationList;
			buildConfigurations = (
				04DC911E1961E0810058A47F /* Debug */,
				04DC911F1961E0810058A47F /* Release */,
			);
			defaultConfigurationIsVisible = 0;
		};
/* End XCConfigurationList section */

/* Begin XCVersionGroup section */
		04DC91071961E0810058A47F /* CoreDataDemo.xcdatamodeld */ = {
			isa = XCVersionGroup;
			children = (
				04DC91081961E0810058A47F /* CoreDataDemo.xcdatamodel */,
			);
			currentVersion = 04DC91081961E0810058A47F /* CoreDataDemo.xcdatamodel */;
			path = CoreDataDemo.xcdatamodeld;
			sourceTree = "<group>";
			versionGroupType = wrapper.xcdatamodel;
		};
/* End XCVersionGroup section */
	};
	rootObject = 04DC90F81961E0810058A47F /* Project object */;
}
