// !$*UTF8*$!
{
	archiveVersion = 1;
	classes = {
	};
	objectVersion = 46;
	objects = {

/* Begin PBXBuildFile section */
		04FF0B68195DCE9B0074A386 /* AppDelegate.swift in Sources */ = {isa = PBXBuildFile; fileRef = 04FF0B67195DCE9B0074A386 /* AppDelegate.swift */; };
		04FF0B6A195DCE9B0074A386 /* ViewController.swift in Sources */ = {isa = PBXBuildFile; fileRef = 04FF0B69195DCE9B0074A386 /* ViewController.swift */; };
		04FF0B6D195DCE9B0074A386 /* Main.storyboard in Resources */ = {isa = PBXBuildFile; fileRef = 04FF0B6B195DCE9B0074A386 /* Main.storyboard */; };
		04FF0B6F195DCE9B0074A386 /* Images.xcassets in Resources */ = {isa = PBXBuildFile; fileRef = 04FF0B6E195DCE9B0074A386 /* Images.xcassets */; };
		04FF0B7B195DCE9B0074A386 /* AutoLayoutTests.swift in Sources */ = {isa = PBXBuildFile; fileRef = 04FF0B7A195DCE9B0074A386 /* AutoLayoutTests.swift */; };
/* End PBXBuildFile section */

/* Begin PBXContainerItemProxy section */
		04FF0B75195DCE9B0074A386 /* PBXContainerItemProxy */ = {
			isa = PBXContainerItemProxy;
			containerPortal = 04FF0B5A195DCE9B0074A386 /* Project object */;
			proxyType = 1;
			remoteGlobalIDString = 04FF0B61195DCE9B0074A386;
			remoteInfo = AutoLayout;
		};
/* End PBXContainerItemProxy section */

/* Begin PBXFileReference section */
		04FF0B62195DCE9B0074A386 /* AutoLayout.app */ = {isa = PBXFileReference; explicitFileType = wrapper.application; includeInIndex = 0; path = AutoLayout.app; sourceTree = BUILT_PRODUCTS_DIR; };
		04FF0B66195DCE9B0074A386 /* Info.plist */ = {isa = PBXFileReference; lastKnownFileType = text.plist.xml; path = Info.plist; sourceTree = "<group>"; };
		04FF0B67195DCE9B0074A386 /* AppDelegate.swift */ = {isa = PBXFileReference; lastKnownFileType = sourcecode.swift; path = AppDelegate.swift; sourceTree = "<group>"; };
		04FF0B69195DCE9B0074A386 /* ViewController.swift */ = {isa = PBXFileReference; lastKnownFileType = sourcecode.swift; path = ViewController.swift; sourceTree = "<group>"; };
		04FF0B6C195DCE9B0074A386 /* Base */ = {isa = PBXFileReference; lastKnownFileType = file.storyboard; name = Base; path = Base.lproj/Main.storyboard; sourceTree = "<group>"; };
		04FF0B6E195DCE9B0074A386 /* Images.xcassets */ = {isa = PBXFileReference; lastKnownFileType = folder.assetcatalog; path = Images.xcassets; sourceTree = "<group>"; };
		04FF0B74195DCE9B0074A386 /* AutoLayoutTests.xctest */ = {isa = PBXFileReference; explicitFileType = wrapper.cfbundle; includeInIndex = 0; path = AutoLayoutTests.xctest; sourceTree = BUILT_PRODUCTS_DIR; };
		04FF0B79195DCE9B0074A386 /* Info.plist */ = {isa = PBXFileReference; lastKnownFileType = text.plist.xml; path = Info.plist; sourceTree = "<group>"; };
		04FF0B7A195DCE9B0074A386 /* AutoLayoutTests.swift */ = {isa = PBXFileReference; lastKnownFileType = sourcecode.swift; path = AutoLayoutTests.swift; sourceTree = "<group>"; };
/* End PBXFileReference section */

/* Begin PBXFrameworksBuildPhase section */
		04FF0B5F195DCE9B0074A386 /* Frameworks */ = {
			isa = PBXFrameworksBuildPhase;
			buildActionMask = 2147483647;
			files = (
			);
			runOnlyForDeploymentPostprocessing = 0;
		};
		04FF0B71195DCE9B0074A386 /* Frameworks */ = {
			isa = PBXFrameworksBuildPhase;
			buildActionMask = 2147483647;
			files = (
			);
			runOnlyForDeploymentPostprocessing = 0;
		};
/* End PBXFrameworksBuildPhase section */

/* Begin PBXGroup section */
		04FF0B59195DCE9B0074A386 = {
			isa = PBXGroup;
			children = (
				04FF0B64195DCE9B0074A386 /* AutoLayout */,
				04FF0B77195DCE9B0074A386 /* AutoLayoutTests */,
				04FF0B63195DCE9B0074A386 /* Products */,
			);
			sourceTree = "<group>";
		};
		04FF0B63195DCE9B0074A386 /* Products */ = {
			isa = PBXGroup;
			children = (
				04FF0B62195DCE9B0074A386 /* AutoLayout.app */,
				04FF0B74195DCE9B0074A386 /* AutoLayoutTests.xctest */,
			);
			name = Products;
			sourceTree = "<group>";
		};
		04FF0B64195DCE9B0074A386 /* AutoLayout */ = {
			isa = PBXGroup;
			children = (
				04FF0B67195DCE9B0074A386 /* AppDelegate.swift */,
				04FF0B69195DCE9B0074A386 /* ViewController.swift */,
				04FF0B6B195DCE9B0074A386 /* Main.storyboard */,
				04FF0B6E195DCE9B0074A386 /* Images.xcassets */,
				04FF0B65195DCE9B0074A386 /* Supporting Files */,
			);
			path = AutoLayout;
			sourceTree = "<group>";
		};
		04FF0B65195DCE9B0074A386 /* Supporting Files */ = {
			isa = PBXGroup;
			children = (
				04FF0B66195DCE9B0074A386 /* Info.plist */,
			);
			name = "Supporting Files";
			sourceTree = "<group>";
		};
		04FF0B77195DCE9B0074A386 /* AutoLayoutTests */ = {
			isa = PBXGroup;
			children = (
				04FF0B7A195DCE9B0074A386 /* AutoLayoutTests.swift */,
				04FF0B78195DCE9B0074A386 /* Supporting Files */,
			);
			path = AutoLayoutTests;
			sourceTree = "<group>";
		};
		04FF0B78195DCE9B0074A386 /* Supporting Files */ = {
			isa = PBXGroup;
			children = (
				04FF0B79195DCE9B0074A386 /* Info.plist */,
			);
			name = "Supporting Files";
			sourceTree = "<group>";
		};
/* End PBXGroup section */

/* Begin PBXNativeTarget section */
		04FF0B61195DCE9B0074A386 /* AutoLayout */ = {
			isa = PBXNativeTarget;
			buildConfigurationList = 04FF0B7E195DCE9B0074A386 /* Build configuration list for PBXNativeTarget "AutoLayout" */;
			buildPhases = (
				04FF0B5E195DCE9B0074A386 /* Sources */,
				04FF0B5F195DCE9B0074A386 /* Frameworks */,
				04FF0B60195DCE9B0074A386 /* Resources */,
			);
			buildRules = (
			);
			dependencies = (
			);
			name = AutoLayout;
			productName = AutoLayout;
			productReference = 04FF0B62195DCE9B0074A386 /* AutoLayout.app */;
			productType = "com.apple.product-type.application";
		};
		04FF0B73195DCE9B0074A386 /* AutoLayoutTests */ = {
			isa = PBXNativeTarget;
			buildConfigurationList = 04FF0B81195DCE9B0074A386 /* Build configuration list for PBXNativeTarget "AutoLayoutTests" */;
			buildPhases = (
				04FF0B70195DCE9B0074A386 /* Sources */,
				04FF0B71195DCE9B0074A386 /* Frameworks */,
				04FF0B72195DCE9B0074A386 /* Resources */,
			);
			buildRules = (
			);
			dependencies = (
				04FF0B76195DCE9B0074A386 /* PBXTargetDependency */,
			);
			name = AutoLayoutTests;
			productName = AutoLayoutTests;
			productReference = 04FF0B74195DCE9B0074A386 /* AutoLayoutTests.xctest */;
			productType = "com.apple.product-type.bundle.unit-test";
		};
/* End PBXNativeTarget section */

/* Begin PBXProject section */
		04FF0B5A195DCE9B0074A386 /* Project object */ = {
			isa = PBXProject;
			attributes = {
				LastUpgradeCheck = 0600;
				ORGANIZATIONNAME = Johan;
				TargetAttributes = {
					04FF0B61195DCE9B0074A386 = {
						CreatedOnToolsVersion = 6.0;
					};
					04FF0B73195DCE9B0074A386 = {
						CreatedOnToolsVersion = 6.0;
						TestTargetID = 04FF0B61195DCE9B0074A386;
					};
				};
			};
			buildConfigurationList = 04FF0B5D195DCE9B0074A386 /* Build configuration list for PBXProject "AutoLayout" */;
			compatibilityVersion = "Xcode 3.2";
			developmentRegion = English;
			hasScannedForEncodings = 0;
			knownRegions = (
				en,
				Base,
			);
			mainGroup = 04FF0B59195DCE9B0074A386;
			productRefGroup = 04FF0B63195DCE9B0074A386 /* Products */;
			projectDirPath = "";
			projectRoot = "";
			targets = (
				04FF0B61195DCE9B0074A386 /* AutoLayout */,
				04FF0B73195DCE9B0074A386 /* AutoLayoutTests */,
			);
		};
/* End PBXProject section */

/* Begin PBXResourcesBuildPhase section */
		04FF0B60195DCE9B0074A386 /* Resources */ = {
			isa = PBXResourcesBuildPhase;
			buildActionMask = 2147483647;
			files = (
				04FF0B6D195DCE9B0074A386 /* Main.storyboard in Resources */,
				04FF0B6F195DCE9B0074A386 /* Images.xcassets in Resources */,
			);
			runOnlyForDeploymentPostprocessing = 0;
		};
		04FF0B72195DCE9B0074A386 /* Resources */ = {
			isa = PBXResourcesBuildPhase;
			buildActionMask = 2147483647;
			files = (
			);
			runOnlyForDeploymentPostprocessing = 0;
		};
/* End PBXResourcesBuildPhase section */

/* Begin PBXSourcesBuildPhase section */
		04FF0B5E195DCE9B0074A386 /* Sources */ = {
			isa = PBXSourcesBuildPhase;
			buildActionMask = 2147483647;
			files = (
				04FF0B6A195DCE9B0074A386 /* ViewController.swift in Sources */,
				04FF0B68195DCE9B0074A386 /* AppDelegate.swift in Sources */,
			);
			runOnlyForDeploymentPostprocessing = 0;
		};
		04FF0B70195DCE9B0074A386 /* Sources */ = {
			isa = PBXSourcesBuildPhase;
			buildActionMask = 2147483647;
			files = (
				04FF0B7B195DCE9B0074A386 /* AutoLayoutTests.swift in Sources */,
			);
			runOnlyForDeploymentPostprocessing = 0;
		};
/* End PBXSourcesBuildPhase section */

/* Begin PBXTargetDependency section */
		04FF0B76195DCE9B0074A386 /* PBXTargetDependency */ = {
			isa = PBXTargetDependency;
			target = 04FF0B61195DCE9B0074A386 /* AutoLayout */;
			targetProxy = 04FF0B75195DCE9B0074A386 /* PBXContainerItemProxy */;
		};
/* End PBXTargetDependency section */

/* Begin PBXVariantGroup section */
		04FF0B6B195DCE9B0074A386 /* Main.storyboard */ = {
			isa = PBXVariantGroup;
			children = (
				04FF0B6C195DCE9B0074A386 /* Base */,
			);
			name = Main.storyboard;
			sourceTree = "<group>";
		};
/* End PBXVariantGroup section */

/* Begin XCBuildConfiguration section */
		04FF0B7C195DCE9B0074A386 /* Debug */ = {
			isa = XCBuildConfiguration;
			buildSettings = {
				ALWAYS_SEARCH_USER_PATHS = NO;
				CLANG_CXX_LANGUAGE_STANDARD = "gnu++0x";
				CLANG_CXX_LIBRARY = "libc++";
				CLANG_ENABLE_MODULES = YES;
				CLANG_ENABLE_OBJC_ARC = YES;
				CLANG_WARN_BOOL_CONVERSION = YES;
				CLANG_WARN_CONSTANT_CONVERSION = YES;
				CLANG_WARN_DIRECT_OBJC_ISA_USAGE = YES_ERROR;
				CLANG_WARN_EMPTY_BODY = YES;
				CLANG_WARN_ENUM_CONVERSION = YES;
				CLANG_WARN_INT_CONVERSION = YES;
				CLANG_WARN_OBJC_ROOT_CLASS = YES_ERROR;
				CLANG_WARN_UNREACHABLE_CODE = YES;
				CLANG_WARN__DUPLICATE_METHOD_MATCH = YES;
				"CODE_SIGN_IDENTITY[sdk=iphoneos*]" = "iPhone Developer";
				COPY_PHASE_STRIP = NO;
				ENABLE_STRICT_OBJC_MSGSEND = YES;
				GCC_C_LANGUAGE_STANDARD = gnu99;
				GCC_DYNAMIC_NO_PIC = NO;
				GCC_OPTIMIZATION_LEVEL = 0;
				GCC_PREPROCESSOR_DEFINITIONS = (
					"DEBUG=1",
					"$(inherited)",
				);
				GCC_SYMBOLS_PRIVATE_EXTERN = NO;
				GCC_WARN_64_TO_32_BIT_CONVERSION = YES;
				GCC_WARN_ABOUT_RETURN_TYPE = YES_ERROR;
				GCC_WARN_UNDECLARED_SELECTOR = YES;
				GCC_WARN_UNINITIALIZED_AUTOS = YES_AGGRESSIVE;
				GCC_WARN_UNUSED_FUNCTION = YES;
				GCC_WARN_UNUSED_VARIABLE = YES;
				IPHONEOS_DEPLOYMENT_TARGET = 8.0;
				METAL_ENABLE_DEBUG_INFO = YES;
				ONLY_ACTIVE_ARCH = YES;
				SDKROOT = iphoneos;
				SWIFT_OPTIMIZATION_LEVEL = "-Onone";
			};
			name = Debug;
		};
		04FF0B7D195DCE9B0074A386 /* Release */ = {
			isa = XCBuildConfiguration;
			buildSettings = {
				ALWAYS_SEARCH_USER_PATHS = NO;
				CLANG_CXX_LANGUAGE_STANDARD = "gnu++0x";
				CLANG_CXX_LIBRARY = "libc++";
				CLANG_ENABLE_MODULES = YES;
				CLANG_ENABLE_OBJC_ARC = YES;
				CLANG_WARN_BOOL_CONVERSION = YES;
				CLANG_WARN_CONSTANT_CONVERSION = YES;
				CLANG_WARN_DIRECT_OBJC_ISA_USAGE = YES_ERROR;
				CLANG_WARN_EMPTY_BODY = YES;
				CLANG_WARN_ENUM_CONVERSION = YES;
				CLANG_WARN_INT_CONVERSION = YES;
				CLANG_WARN_OBJC_ROOT_CLASS = YES_ERROR;
				CLANG_WARN_UNREACHABLE_CODE = YES;
				CLANG_WARN__DUPLICATE_METHOD_MATCH = YES;
				"CODE_SIGN_IDENTITY[sdk=iphoneos*]" = "iPhone Developer";
				COPY_PHASE_STRIP = YES;
				ENABLE_NS_ASSERTIONS = NO;
				ENABLE_STRICT_OBJC_MSGSEND = YES;
				GCC_C_LANGUAGE_STANDARD = gnu99;
				GCC_WARN_64_TO_32_BIT_CONVERSION = YES;
				GCC_WARN_ABOUT_RETURN_TYPE = YES_ERROR;
				GCC_WARN_UNDECLARED_SELECTOR = YES;
				GCC_WARN_UNINITIALIZED_AUTOS = YES_AGGRESSIVE;
				GCC_WARN_UNUSED_FUNCTION = YES;
				GCC_WARN_UNUSED_VARIABLE = YES;
				IPHONEOS_DEPLOYMENT_TARGET = 8.0;
				METAL_ENABLE_DEBUG_INFO = NO;
				SDKROOT = iphoneos;
				VALIDATE_PRODUCT = YES;
			};
			name = Release;
		};
		04FF0B7F195DCE9B0074A386 /* Debug */ = {
			isa = XCBuildConfiguration;
			buildSettings = {
				ASSETCATALOG_COMPILER_APPICON_NAME = AppIcon;
				ASSETCATALOG_COMPILER_LAUNCHIMAGE_NAME = LaunchImage;
				INFOPLIST_FILE = AutoLayout/Info.plist;
				LD_RUNPATH_SEARCH_PATHS = "$(inherited) @executable_path/Frameworks";
				PRODUCT_NAME = "$(TARGET_NAME)";
			};
			name = Debug;
		};
		04FF0B80195DCE9B0074A386 /* Release */ = {
			isa = XCBuildConfiguration;
			buildSettings = {
				ASSETCATALOG_COMPILER_APPICON_NAME = AppIcon;
				ASSETCATALOG_COMPILER_LAUNCHIMAGE_NAME = LaunchImage;
				INFOPLIST_FILE = AutoLayout/Info.plist;
				LD_RUNPATH_SEARCH_PATHS = "$(inherited) @executable_path/Frameworks";
				PRODUCT_NAME = "$(TARGET_NAME)";
			};
			name = Release;
		};
		04FF0B82195DCE9B0074A386 /* Debug */ = {
			isa = XCBuildConfiguration;
			buildSettings = {
				BUNDLE_LOADER = "$(BUILT_PRODUCTS_DIR)/AutoLayout.app/AutoLayout";
				FRAMEWORK_SEARCH_PATHS = (
					"$(SDKROOT)/Developer/Library/Frameworks",
					"$(inherited)",
				);
				GCC_PREPROCESSOR_DEFINITIONS = (
					"DEBUG=1",
					"$(inherited)",
				);
				INFOPLIST_FILE = AutoLayoutTests/Info.plist;
				LD_RUNPATH_SEARCH_PATHS = "$(inherited) @executable_path/Frameworks @loader_path/Frameworks";
				METAL_ENABLE_DEBUG_INFO = YES;
				PRODUCT_NAME = "$(TARGET_NAME)";
				TEST_HOST = "$(BUNDLE_LOADER)";
			};
			name = Debug;
		};
		04FF0B83195DCE9B0074A386 /* Release */ = {
			isa = XCBuildConfiguration;
			buildSettings = {
				BUNDLE_LOADER = "$(BUILT_PRODUCTS_DIR)/AutoLayout.app/AutoLayout";
				FRAMEWORK_SEARCH_PATHS = (
					"$(SDKROOT)/Developer/Library/Frameworks",
					"$(inherited)",
				);
				INFOPLIST_FILE = AutoLayoutTests/Info.plist;
				LD_RUNPATH_SEARCH_PATHS = "$(inherited) @executable_path/Frameworks @loader_path/Frameworks";
				METAL_ENABLE_DEBUG_INFO = NO;
				PRODUCT_NAME = "$(TARGET_NAME)";
				TEST_HOST = "$(BUNDLE_LOADER)";
			};
			name = Release;
		};
/* End XCBuildConfiguration section */

/* Begin XCConfigurationList section */
		04FF0B5D195DCE9B0074A386 /* Build configuration list for PBXProject "AutoLayout" */ = {
			isa = XCConfigurationList;
			buildConfigurations = (
				04FF0B7C195DCE9B0074A386 /* Debug */,
				04FF0B7D195DCE9B0074A386 /* Release */,
			);
			defaultConfigurationIsVisible = 0;
			defaultConfigurationName = Release;
		};
		04FF0B7E195DCE9B0074A386 /* Build configuration list for PBXNativeTarget "AutoLayout" */ = {
			isa = XCConfigurationList;
			buildConfigurations = (
				04FF0B7F195DCE9B0074A386 /* Debug */,
				04FF0B80195DCE9B0074A386 /* Release */,
			);
			defaultConfigurationIsVisible = 0;
		};
		04FF0B81195DCE9B0074A386 /* Build configuration list for PBXNativeTarget "AutoLayoutTests" */ = {
			isa = XCConfigurationList;
			buildConfigurations = (
				04FF0B82195DCE9B0074A386 /* Debug */,
				04FF0B83195DCE9B0074A386 /* Release */,
			);
			defaultConfigurationIsVisible = 0;
		};
/* End XCConfigurationList section */
	};
	rootObject = 04FF0B5A195DCE9B0074A386 /* Project object */;
}
