// !$*UTF8*$!
{
	archiveVersion = 1;
	classes = {
	};
	objectVersion = 46;
	objects = {

/* Begin PBXBuildFile section */
		04CE070F19634EC200C9D14C /* AppDelegate.swift in Sources */ = {isa = PBXBuildFile; fileRef = 04CE070E19634EC200C9D14C /* AppDelegate.swift */; };
		04CE071119634EC200C9D14C /* ViewController.swift in Sources */ = {isa = PBXBuildFile; fileRef = 04CE071019634EC200C9D14C /* ViewController.swift */; };
		04CE071419634EC200C9D14C /* Main.storyboard in Resources */ = {isa = PBXBuildFile; fileRef = 04CE071219634EC200C9D14C /* Main.storyboard */; };
		04CE071619634EC200C9D14C /* Images.xcassets in Resources */ = {isa = PBXBuildFile; fileRef = 04CE071519634EC200C9D14C /* Images.xcassets */; };
		04CE072219634EC200C9D14C /* StoryboardsTests.swift in Sources */ = {isa = PBXBuildFile; fileRef = 04CE072119634EC200C9D14C /* StoryboardsTests.swift */; };
/* End PBXBuildFile section */

/* Begin PBXContainerItemProxy section */
		04CE071C19634EC200C9D14C /* PBXContainerItemProxy */ = {
			isa = PBXContainerItemProxy;
			containerPortal = 04CE070119634EC100C9D14C /* Project object */;
			proxyType = 1;
			remoteGlobalIDString = 04CE070819634EC200C9D14C;
			remoteInfo = Storyboards;
		};
/* End PBXContainerItemProxy section */

/* Begin PBXFileReference section */
		04CE070919634EC200C9D14C /* Storyboards.app */ = {isa = PBXFileReference; explicitFileType = wrapper.application; includeInIndex = 0; path = Storyboards.app; sourceTree = BUILT_PRODUCTS_DIR; };
		04CE070D19634EC200C9D14C /* Info.plist */ = {isa = PBXFileReference; lastKnownFileType = text.plist.xml; path = Info.plist; sourceTree = "<group>"; };
		04CE070E19634EC200C9D14C /* AppDelegate.swift */ = {isa = PBXFileReference; lastKnownFileType = sourcecode.swift; path = AppDelegate.swift; sourceTree = "<group>"; };
		04CE071019634EC200C9D14C /* ViewController.swift */ = {isa = PBXFileReference; lastKnownFileType = sourcecode.swift; path = ViewController.swift; sourceTree = "<group>"; };
		04CE071319634EC200C9D14C /* Base */ = {isa = PBXFileReference; lastKnownFileType = file.storyboard; name = Base; path = Base.lproj/Main.storyboard; sourceTree = "<group>"; };
		04CE071519634EC200C9D14C /* Images.xcassets */ = {isa = PBXFileReference; lastKnownFileType = folder.assetcatalog; path = Images.xcassets; sourceTree = "<group>"; };
		04CE071B19634EC200C9D14C /* StoryboardsTests.xctest */ = {isa = PBXFileReference; explicitFileType = wrapper.cfbundle; includeInIndex = 0; path = StoryboardsTests.xctest; sourceTree = BUILT_PRODUCTS_DIR; };
		04CE072019634EC200C9D14C /* Info.plist */ = {isa = PBXFileReference; lastKnownFileType = text.plist.xml; path = Info.plist; sourceTree = "<group>"; };
		04CE072119634EC200C9D14C /* StoryboardsTests.swift */ = {isa = PBXFileReference; lastKnownFileType = sourcecode.swift; path = StoryboardsTests.swift; sourceTree = "<group>"; };
/* End PBXFileReference section */

/* Begin PBXFrameworksBuildPhase section */
		04CE070619634EC200C9D14C /* Frameworks */ = {
			isa = PBXFrameworksBuildPhase;
			buildActionMask = 2147483647;
			files = (
			);
			runOnlyForDeploymentPostprocessing = 0;
		};
		04CE071819634EC200C9D14C /* Frameworks */ = {
			isa = PBXFrameworksBuildPhase;
			buildActionMask = 2147483647;
			files = (
			);
			runOnlyForDeploymentPostprocessing = 0;
		};
/* End PBXFrameworksBuildPhase section */

/* Begin PBXGroup section */
		04CE070019634EC100C9D14C = {
			isa = PBXGroup;
			children = (
				04CE070B19634EC200C9D14C /* Storyboards */,
				04CE071E19634EC200C9D14C /* StoryboardsTests */,
				04CE070A19634EC200C9D14C /* Products */,
			);
			sourceTree = "<group>";
		};
		04CE070A19634EC200C9D14C /* Products */ = {
			isa = PBXGroup;
			children = (
				04CE070919634EC200C9D14C /* Storyboards.app */,
				04CE071B19634EC200C9D14C /* StoryboardsTests.xctest */,
			);
			name = Products;
			sourceTree = "<group>";
		};
		04CE070B19634EC200C9D14C /* Storyboards */ = {
			isa = PBXGroup;
			children = (
				04CE070E19634EC200C9D14C /* AppDelegate.swift */,
				04CE071019634EC200C9D14C /* ViewController.swift */,
				04CE071219634EC200C9D14C /* Main.storyboard */,
				04CE071519634EC200C9D14C /* Images.xcassets */,
				04CE070C19634EC200C9D14C /* Supporting Files */,
			);
			path = Storyboards;
			sourceTree = "<group>";
		};
		04CE070C19634EC200C9D14C /* Supporting Files */ = {
			isa = PBXGroup;
			children = (
				04CE070D19634EC200C9D14C /* Info.plist */,
			);
			name = "Supporting Files";
			sourceTree = "<group>";
		};
		04CE071E19634EC200C9D14C /* StoryboardsTests */ = {
			isa = PBXGroup;
			children = (
				04CE072119634EC200C9D14C /* StoryboardsTests.swift */,
				04CE071F19634EC200C9D14C /* Supporting Files */,
			);
			path = StoryboardsTests;
			sourceTree = "<group>";
		};
		04CE071F19634EC200C9D14C /* Supporting Files */ = {
			isa = PBXGroup;
			children = (
				04CE072019634EC200C9D14C /* Info.plist */,
			);
			name = "Supporting Files";
			sourceTree = "<group>";
		};
/* End PBXGroup section */

/* Begin PBXNativeTarget section */
		04CE070819634EC200C9D14C /* Storyboards */ = {
			isa = PBXNativeTarget;
			buildConfigurationList = 04CE072519634EC200C9D14C /* Build configuration list for PBXNativeTarget "Storyboards" */;
			buildPhases = (
				04CE070519634EC200C9D14C /* Sources */,
				04CE070619634EC200C9D14C /* Frameworks */,
				04CE070719634EC200C9D14C /* Resources */,
			);
			buildRules = (
			);
			dependencies = (
			);
			name = Storyboards;
			productName = Storyboards;
			productReference = 04CE070919634EC200C9D14C /* Storyboards.app */;
			productType = "com.apple.product-type.application";
		};
		04CE071A19634EC200C9D14C /* StoryboardsTests */ = {
			isa = PBXNativeTarget;
			buildConfigurationList = 04CE072819634EC200C9D14C /* Build configuration list for PBXNativeTarget "StoryboardsTests" */;
			buildPhases = (
				04CE071719634EC200C9D14C /* Sources */,
				04CE071819634EC200C9D14C /* Frameworks */,
				04CE071919634EC200C9D14C /* Resources */,
			);
			buildRules = (
			);
			dependencies = (
				04CE071D19634EC200C9D14C /* PBXTargetDependency */,
			);
			name = StoryboardsTests;
			productName = StoryboardsTests;
			productReference = 04CE071B19634EC200C9D14C /* StoryboardsTests.xctest */;
			productType = "com.apple.product-type.bundle.unit-test";
		};
/* End PBXNativeTarget section */

/* Begin PBXProject section */
		04CE070119634EC100C9D14C /* Project object */ = {
			isa = PBXProject;
			attributes = {
				LastUpgradeCheck = 0600;
				ORGANIZATIONNAME = Johan;
				TargetAttributes = {
					04CE070819634EC200C9D14C = {
						CreatedOnToolsVersion = 6.0;
					};
					04CE071A19634EC200C9D14C = {
						CreatedOnToolsVersion = 6.0;
						TestTargetID = 04CE070819634EC200C9D14C;
					};
				};
			};
			buildConfigurationList = 04CE070419634EC100C9D14C /* Build configuration list for PBXProject "Storyboards" */;
			compatibilityVersion = "Xcode 3.2";
			developmentRegion = English;
			hasScannedForEncodings = 0;
			knownRegions = (
				en,
				Base,
			);
			mainGroup = 04CE070019634EC100C9D14C;
			productRefGroup = 04CE070A19634EC200C9D14C /* Products */;
			projectDirPath = "";
			projectRoot = "";
			targets = (
				04CE070819634EC200C9D14C /* Storyboards */,
				04CE071A19634EC200C9D14C /* StoryboardsTests */,
			);
		};
/* End PBXProject section */

/* Begin PBXResourcesBuildPhase section */
		04CE070719634EC200C9D14C /* Resources */ = {
			isa = PBXResourcesBuildPhase;
			buildActionMask = 2147483647;
			files = (
				04CE071419634EC200C9D14C /* Main.storyboard in Resources */,
				04CE071619634EC200C9D14C /* Images.xcassets in Resources */,
			);
			runOnlyForDeploymentPostprocessing = 0;
		};
		04CE071919634EC200C9D14C /* Resources */ = {
			isa = PBXResourcesBuildPhase;
			buildActionMask = 2147483647;
			files = (
			);
			runOnlyForDeploymentPostprocessing = 0;
		};
/* End PBXResourcesBuildPhase section */

/* Begin PBXSourcesBuildPhase section */
		04CE070519634EC200C9D14C /* Sources */ = {
			isa = PBXSourcesBuildPhase;
			buildActionMask = 2147483647;
			files = (
				04CE071119634EC200C9D14C /* ViewController.swift in Sources */,
				04CE070F19634EC200C9D14C /* AppDelegate.swift in Sources */,
			);
			runOnlyForDeploymentPostprocessing = 0;
		};
		04CE071719634EC200C9D14C /* Sources */ = {
			isa = PBXSourcesBuildPhase;
			buildActionMask = 2147483647;
			files = (
				04CE072219634EC200C9D14C /* StoryboardsTests.swift in Sources */,
			);
			runOnlyForDeploymentPostprocessing = 0;
		};
/* End PBXSourcesBuildPhase section */

/* Begin PBXTargetDependency section */
		04CE071D19634EC200C9D14C /* PBXTargetDependency */ = {
			isa = PBXTargetDependency;
			target = 04CE070819634EC200C9D14C /* Storyboards */;
			targetProxy = 04CE071C19634EC200C9D14C /* PBXContainerItemProxy */;
		};
/* End PBXTargetDependency section */

/* Begin PBXVariantGroup section */
		04CE071219634EC200C9D14C /* Main.storyboard */ = {
			isa = PBXVariantGroup;
			children = (
				04CE071319634EC200C9D14C /* Base */,
			);
			name = Main.storyboard;
			sourceTree = "<group>";
		};
/* End PBXVariantGroup section */

/* Begin XCBuildConfiguration section */
		04CE072319634EC200C9D14C /* Debug */ = {
			isa = XCBuildConfiguration;
			buildSettings = {
				ALWAYS_SEARCH_USER_PATHS = NO;
				CLANG_CXX_LANGUAGE_STANDARD = "gnu++0x";
				CLANG_CXX_LIBRARY = "libc++";
				CLANG_ENABLE_MODULES = YES;
				CLANG_ENABLE_OBJC_ARC = YES;
				CLANG_WARN_BOOL_CONVERSION = YES;
				CLANG_WARN_CONSTANT_CONVERSION = YES;
				CLANG_WARN_DIRECT_OBJC_ISA_USAGE = YES_ERROR;
				CLANG_WARN_EMPTY_BODY = YES;
				CLANG_WARN_ENUM_CONVERSION = YES;
				CLANG_WARN_INT_CONVERSION = YES;
				CLANG_WARN_OBJC_ROOT_CLASS = YES_ERROR;
				CLANG_WARN_UNREACHABLE_CODE = YES;
				CLANG_WARN__DUPLICATE_METHOD_MATCH = YES;
				"CODE_SIGN_IDENTITY[sdk=iphoneos*]" = "iPhone Developer";
				COPY_PHASE_STRIP = NO;
				ENABLE_STRICT_OBJC_MSGSEND = YES;
				GCC_C_LANGUAGE_STANDARD = gnu99;
				GCC_DYNAMIC_NO_PIC = NO;
				GCC_OPTIMIZATION_LEVEL = 0;
				GCC_PREPROCESSOR_DEFINITIONS = (
					"DEBUG=1",
					"$(inherited)",
				);
				GCC_SYMBOLS_PRIVATE_EXTERN = NO;
				GCC_WARN_64_TO_32_BIT_CONVERSION = YES;
				GCC_WARN_ABOUT_RETURN_TYPE = YES_ERROR;
				GCC_WARN_UNDECLARED_SELECTOR = YES;
				GCC_WARN_UNINITIALIZED_AUTOS = YES_AGGRESSIVE;
				GCC_WARN_UNUSED_FUNCTION = YES;
				GCC_WARN_UNUSED_VARIABLE = YES;
				IPHONEOS_DEPLOYMENT_TARGET = 8.0;
				METAL_ENABLE_DEBUG_INFO = YES;
				ONLY_ACTIVE_ARCH = YES;
				SDKROOT = iphoneos;
				SWIFT_OPTIMIZATION_LEVEL = "-Onone";
			};
			name = Debug;
		};
		04CE072419634EC200C9D14C /* Release */ = {
			isa = XCBuildConfiguration;
			buildSettings = {
				ALWAYS_SEARCH_USER_PATHS = NO;
				CLANG_CXX_LANGUAGE_STANDARD = "gnu++0x";
				CLANG_CXX_LIBRARY = "libc++";
				CLANG_ENABLE_MODULES = YES;
				CLANG_ENABLE_OBJC_ARC = YES;
				CLANG_WARN_BOOL_CONVERSION = YES;
				CLANG_WARN_CONSTANT_CONVERSION = YES;
				CLANG_WARN_DIRECT_OBJC_ISA_USAGE = YES_ERROR;
				CLANG_WARN_EMPTY_BODY = YES;
				CLANG_WARN_ENUM_CONVERSION = YES;
				CLANG_WARN_INT_CONVERSION = YES;
				CLANG_WARN_OBJC_ROOT_CLASS = YES_ERROR;
				CLANG_WARN_UNREACHABLE_CODE = YES;
				CLANG_WARN__DUPLICATE_METHOD_MATCH = YES;
				"CODE_SIGN_IDENTITY[sdk=iphoneos*]" = "iPhone Developer";
				COPY_PHASE_STRIP = YES;
				ENABLE_NS_ASSERTIONS = NO;
				ENABLE_STRICT_OBJC_MSGSEND = YES;
				GCC_C_LANGUAGE_STANDARD = gnu99;
				GCC_WARN_64_TO_32_BIT_CONVERSION = YES;
				GCC_WARN_ABOUT_RETURN_TYPE = YES_ERROR;
				GCC_WARN_UNDECLARED_SELECTOR = YES;
				GCC_WARN_UNINITIALIZED_AUTOS = YES_AGGRESSIVE;
				GCC_WARN_UNUSED_FUNCTION = YES;
				GCC_WARN_UNUSED_VARIABLE = YES;
				IPHONEOS_DEPLOYMENT_TARGET = 8.0;
				METAL_ENABLE_DEBUG_INFO = NO;
				SDKROOT = iphoneos;
				VALIDATE_PRODUCT = YES;
			};
			name = Release;
		};
		04CE072619634EC200C9D14C /* Debug */ = {
			isa = XCBuildConfiguration;
			buildSettings = {
				ASSETCATALOG_COMPILER_APPICON_NAME = AppIcon;
				ASSETCATALOG_COMPILER_LAUNCHIMAGE_NAME = LaunchImage;
				INFOPLIST_FILE = Storyboards/Info.plist;
				LD_RUNPATH_SEARCH_PATHS = "$(inherited) @executable_path/Frameworks";
				PRODUCT_NAME = "$(TARGET_NAME)";
			};
			name = Debug;
		};
		04CE072719634EC200C9D14C /* Release */ = {
			isa = XCBuildConfiguration;
			buildSettings = {
				ASSETCATALOG_COMPILER_APPICON_NAME = AppIcon;
				ASSETCATALOG_COMPILER_LAUNCHIMAGE_NAME = LaunchImage;
				INFOPLIST_FILE = Storyboards/Info.plist;
				LD_RUNPATH_SEARCH_PATHS = "$(inherited) @executable_path/Frameworks";
				PRODUCT_NAME = "$(TARGET_NAME)";
			};
			name = Release;
		};
		04CE072919634EC200C9D14C /* Debug */ = {
			isa = XCBuildConfiguration;
			buildSettings = {
				BUNDLE_LOADER = "$(BUILT_PRODUCTS_DIR)/Storyboards.app/Storyboards";
				FRAMEWORK_SEARCH_PATHS = (
					"$(SDKROOT)/Developer/Library/Frameworks",
					"$(inherited)",
				);
				GCC_PREPROCESSOR_DEFINITIONS = (
					"DEBUG=1",
					"$(inherited)",
				);
				INFOPLIST_FILE = StoryboardsTests/Info.plist;
				LD_RUNPATH_SEARCH_PATHS = "$(inherited) @executable_path/Frameworks @loader_path/Frameworks";
				METAL_ENABLE_DEBUG_INFO = YES;
				PRODUCT_NAME = "$(TARGET_NAME)";
				TEST_HOST = "$(BUNDLE_LOADER)";
			};
			name = Debug;
		};
		04CE072A19634EC200C9D14C /* Release */ = {
			isa = XCBuildConfiguration;
			buildSettings = {
				BUNDLE_LOADER = "$(BUILT_PRODUCTS_DIR)/Storyboards.app/Storyboards";
				FRAMEWORK_SEARCH_PATHS = (
					"$(SDKROOT)/Developer/Library/Frameworks",
					"$(inherited)",
				);
				INFOPLIST_FILE = StoryboardsTests/Info.plist;
				LD_RUNPATH_SEARCH_PATHS = "$(inherited) @executable_path/Frameworks @loader_path/Frameworks";
				METAL_ENABLE_DEBUG_INFO = NO;
				PRODUCT_NAME = "$(TARGET_NAME)";
				TEST_HOST = "$(BUNDLE_LOADER)";
			};
			name = Release;
		};
/* End XCBuildConfiguration section */

/* Begin XCConfigurationList section */
		04CE070419634EC100C9D14C /* Build configuration list for PBXProject "Storyboards" */ = {
			isa = XCConfigurationList;
			buildConfigurations = (
				04CE072319634EC200C9D14C /* Debug */,
				04CE072419634EC200C9D14C /* Release */,
			);
			defaultConfigurationIsVisible = 0;
			defaultConfigurationName = Release;
		};
		04CE072519634EC200C9D14C /* Build configuration list for PBXNativeTarget "Storyboards" */ = {
			isa = XCConfigurationList;
			buildConfigurations = (
				04CE072619634EC200C9D14C /* Debug */,
				04CE072719634EC200C9D14C /* Release */,
			);
			defaultConfigurationIsVisible = 0;
		};
		04CE072819634EC200C9D14C /* Build configuration list for PBXNativeTarget "StoryboardsTests" */ = {
			isa = XCConfigurationList;
			buildConfigurations = (
				04CE072919634EC200C9D14C /* Debug */,
				04CE072A19634EC200C9D14C /* Release */,
			);
			defaultConfigurationIsVisible = 0;
		};
/* End XCConfigurationList section */
	};
	rootObject = 04CE070119634EC100C9D14C /* Project object */;
}
